<<<<<<< .mine
<?xml version="1.0"?>
<CONFIG>
  <ProjectOptions>
    <PathDelim Value="\"/>
    <Version Value="7"/>
    <General>
      <MainUnit Value="0"/>
      <AutoCreateForms Value="False"/>
      <TargetFileExt Value=".exe"/>
      <Icon Value="0"/>
      <UseXPManifest Value="True"/>
      <ActiveEditorIndexAtStart Value="1"/>
    </General>
    <i18n>
      <EnableI18N Value="True"/>
      <OutDir Value="..\po"/>
    </i18n>
    <VersionInfo>
      <UseVersionInfo Value="True"/>
      <CurrentMajorRevNr Value="2"/>
      <ProjectVersion Value="0.0.1.0"/>
    </VersionInfo>
    <PublishOptions>
      <Version Value="2"/>
      <IgnoreBinaries Value="False"/>
      <IncludeFileFilter Value="*.(pas|pp|inc|lfm|lpr|lrs|lpi|lpk|sh|xml)"/>
      <ExcludeFileFilter Value="*.(bak|ppu|ppw|o|so);*~;backup"/>
    </PublishOptions>
    <RunParams>
      <local>
        <FormatVersion Value="1"/>
        <LaunchingApplication PathPlusParams="/usr/X11R6/bin/xterm -T 'Lazarus Run Output' -e $(LazarusDir)/tools/runwait.sh $(TargetCmdLine)"/>
      </local>
    </RunParams>
    <RequiredPackages Count="4">
      <Item1>
        <PackageName Value="TurboPowerIPro"/>
        <MinVersion Major="1" Valid="True"/>
      </Item1>
      <Item2>
        <PackageName Value="SQLDBLaz"/>
        <MinVersion Major="1" Release="1" Valid="True"/>
      </Item2>
      <Item3>
        <PackageName Value="FCL"/>
        <MinVersion Major="1" Valid="True"/>
      </Item3>
      <Item4>
        <PackageName Value="LCL"/>
      </Item4>
    </RequiredPackages>
    <Units Count="153">
      <Unit0>
        <Filename Value="ksp.lpr"/>
        <IsPartOfProject Value="True"/>
        <UnitName Value="ksp"/>
        <CursorPos X="72" Y="19"/>
        <TopLine Value="1"/>
        <EditorIndex Value="12"/>
        <UsageCount Value="201"/>
        <Loaded Value="True"/>
        <SyntaxHighlighter Value="Delphi"/>
      </Unit0>
      <Unit1>
        <Filename Value="main.pas"/>
        <ComponentName Value="KSPMainWindow"/>
        <IsPartOfProject Value="True"/>
        <ResourceBaseClass Value="Form"/>
        <UnitName Value="main"/>
        <CursorPos X="47" Y="1756"/>
        <TopLine Value="1760"/>
        <EditorIndex Value="0"/>
        <UsageCount Value="201"/>
        <Bookmarks Count="1">
          <Item0 X="7" Y="2165" ID="1"/>
        </Bookmarks>
        <Loaded Value="True"/>
        <SyntaxHighlighter Value="Delphi"/>
      </Unit1>
      <Unit2>
        <Filename Value="additional\bass\BASSPlayer.pas"/>
        <IsPartOfProject Value="True"/>
        <UnitName Value="BASSPlayer"/>
        <CursorPos X="15" Y="426"/>
        <TopLine Value="411"/>
        <EditorIndex Value="13"/>
        <UsageCount Value="201"/>
        <Loaded Value="True"/>
        <SyntaxHighlighter Value="Delphi"/>
      </Unit2>
      <Unit3>
        <Filename Value="additional\bass\Dynamic_Bass.pas"/>
        <IsPartOfProject Value="True"/>
        <UnitName Value="Dynamic_Bass"/>
        <CursorPos X="18" Y="404"/>
        <TopLine Value="384"/>
        <EditorIndex Value="4"/>
        <UsageCount Value="201"/>
        <Loaded Value="True"/>
        <SyntaxHighlighter Value="Delphi"/>
      </Unit3>
      <Unit4>
        <Filename Value="C:\lazarus\fpc\2.2.2\source\rtl\win\wininc\base.inc"/>
        <CursorPos X="6" Y="269"/>
        <TopLine Value="254"/>
        <UsageCount Value="9"/>
      </Unit4>
      <Unit5>
        <Filename Value="additional\bass\RT_BASSWMA.pas"/>
        <UnitName Value="RT_BASSWMA"/>
        <CursorPos X="16" Y="11"/>
        <TopLine Value="2"/>
        <UsageCount Value="4"/>
        <SyntaxHighlighter Value="Delphi"/>
      </Unit5>
      <Unit6>
        <Filename Value="additional\bass\RT_basscd.pas"/>
        <IsPartOfProject Value="True"/>
        <UnitName Value="RT_basscd"/>
        <CursorPos X="15" Y="10"/>
        <TopLine Value="1"/>
        <UsageCount Value="200"/>
        <SyntaxHighlighter Value="Delphi"/>
      </Unit6>
      <Unit7>
        <Filename Value="additional\atl\OggVorbis.pas"/>
        <IsPartOfProject Value="True"/>
        <UnitName Value="OggVorbis"/>
        <CursorPos X="22" Y="12"/>
        <TopLine Value="1"/>
        <UsageCount Value="200"/>
        <SyntaxHighlighter Value="Delphi"/>
      </Unit7>
      <Unit8>
        <Filename Value="additional\atl\MPEGaudio.pas"/>
        <IsPartOfProject Value="True"/>
        <UnitName Value="MPEGaudio"/>
        <CursorPos X="18" Y="69"/>
        <TopLine Value="65"/>
        <UsageCount Value="200"/>
        <SyntaxHighlighter Value="Delphi"/>
      </Unit8>
      <Unit9>
        <Filename Value="additional\atl\ID3v2.pas"/>
        <IsPartOfProject Value="True"/>
        <UnitName Value="ID3v2"/>
        <CursorPos X="29" Y="531"/>
        <TopLine Value="505"/>
        <UsageCount Value="200"/>
        <SyntaxHighlighter Value="Delphi"/>
      </Unit9>
      <Unit10>
        <Filename Value="additional\atl\APEtag.pas"/>
        <IsPartOfProject Value="True"/>
        <UnitName Value="APETag"/>
        <CursorPos X="1" Y="1"/>
        <TopLine Value="1"/>
        <UsageCount Value="200"/>
        <SyntaxHighlighter Value="Delphi"/>
      </Unit10>
      <Unit11>
        <Filename Value="additional\atl\ID3v1.pas"/>
        <IsPartOfProject Value="True"/>
        <UnitName Value="ID3v1"/>
        <CursorPos X="39" Y="580"/>
        <TopLine Value="565"/>
        <UsageCount Value="200"/>
        <SyntaxHighlighter Value="Delphi"/>
      </Unit11>
      <Unit12>
        <Filename Value="additional\atl\CommonATL.pas"/>
        <IsPartOfProject Value="True"/>
        <UnitName Value="CommonATL"/>
        <CursorPos X="11" Y="215"/>
        <TopLine Value="30"/>
        <UsageCount Value="200"/>
        <SyntaxHighlighter Value="Delphi"/>
      </Unit12>
      <Unit13>
        <Filename Value="C:\lazarus\fpc\2.2.2\source\rtl\win\wininc\redef.inc"/>
        <CursorPos X="16" Y="354"/>
        <TopLine Value="334"/>
        <UsageCount Value="6"/>
      </Unit13>
      <Unit14>
        <Filename Value="additional\atl\WMAfile.pas"/>
        <IsPartOfProject Value="True"/>
        <UnitName Value="WMAfile"/>
        <CursorPos X="42" Y="245"/>
        <TopLine Value="228"/>
        <UsageCount Value="200"/>
        <SyntaxHighlighter Value="Delphi"/>
      </Unit14>
      <Unit15>
        <Filename Value="additional\atl\WAVfile.pas"/>
        <IsPartOfProject Value="True"/>
        <UnitName Value="WAVfile"/>
        <CursorPos X="1" Y="1"/>
        <TopLine Value="1"/>
        <UsageCount Value="200"/>
        <SyntaxHighlighter Value="Delphi"/>
      </Unit15>
      <Unit16>
        <Filename Value="additional\bass\bassenc.pas"/>
        <UnitName Value="BASSenc"/>
        <CursorPos X="1" Y="1"/>
        <TopLine Value="1"/>
        <UsageCount Value="9"/>
        <SyntaxHighlighter Value="Delphi"/>
      </Unit16>
      <Unit17>
        <Filename Value="..\pluginctrl.pas"/>
        <UnitName Value="PluginCtrl"/>
        <CursorPos X="11" Y="1043"/>
        <TopLine Value="1025"/>
        <UsageCount Value="125"/>
      </Unit17>
      <Unit18>
        <Filename Value="additional\bass\ioplug.pas"/>
        <IsPartOfProject Value="True"/>
        <UnitName Value="ioplug"/>
        <CursorPos X="12" Y="63"/>
        <TopLine Value="62"/>
        <UsageCount Value="200"/>
        <SyntaxHighlighter Value="Delphi"/>
      </Unit18>
      <Unit19>
        <Filename Value="..\..\KSP2006\src\umain.pas"/>
        <HasResources Value="True"/>
        <UnitName Value="uMain"/>
        <CursorPos X="44" Y="6787"/>
        <TopLine Value="6770"/>
        <UsageCount Value="5"/>
      </Unit19>
      <Unit20>
        <Filename Value="additional\bass\WMAInfoBox.pas"/>
        <ComponentName Value="WMAInfoForm"/>
        <HasResources Value="True"/>
        <ResourceBaseClass Value="Form"/>
        <UnitName Value="WMAInfoBox"/>
        <CursorPos X="22" Y="92"/>
        <TopLine Value="79"/>
        <UsageCount Value="9"/>
        <SyntaxHighlighter Value="Delphi"/>
      </Unit20>
      <Unit21>
        <Filename Value="additional\bass\MPEGInfoBox.pas"/>
        <ComponentName Value="MPEGFileInfoForm"/>
        <HasResources Value="True"/>
        <ResourceBaseClass Value="Form"/>
        <UnitName Value="MPEGInfoBox"/>
        <CursorPos X="20" Y="28"/>
        <TopLine Value="12"/>
        <UsageCount Value="9"/>
        <SyntaxHighlighter Value="Delphi"/>
      </Unit21>
      <Unit22>
        <Filename Value="additional\bass\OGGInfoBox.pas"/>
        <ComponentName Value="OggVorbisInfoForm"/>
        <HasResources Value="True"/>
        <ResourceBaseClass Value="Form"/>
        <UnitName Value="OGGInfoBox"/>
        <CursorPos X="1" Y="84"/>
        <TopLine Value="72"/>
        <UsageCount Value="9"/>
        <SyntaxHighlighter Value="Delphi"/>
      </Unit22>
      <Unit23>
        <Filename Value="additional\bass\TAGEdit.pas"/>
        <ComponentName Value="TAGEditForm"/>
        <HasResources Value="True"/>
        <ResourceBaseClass Value="Form"/>
        <UnitName Value="TAGEdit"/>
        <CursorPos X="12" Y="41"/>
        <TopLine Value="9"/>
        <UsageCount Value="9"/>
        <SyntaxHighlighter Value="Delphi"/>
      </Unit23>
      <Unit24>
        <Filename Value="itools\playlists.pas"/>
        <IsPartOfProject Value="True"/>
        <UnitName Value="PlayLists"/>
        <CursorPos X="43" Y="6"/>
        <TopLine Value="1"/>
        <UsageCount Value="210"/>
        <SyntaxHighlighter Value="Delphi"/>
      </Unit24>
      <Unit25>
        <Filename Value="additional\spkxmlparser.pas"/>
        <IsPartOfProject Value="True"/>
        <UnitName Value="SpkXMLParser"/>
        <CursorPos X="73" Y="478"/>
        <TopLine Value="478"/>
        <UsageCount Value="210"/>
        <SyntaxHighlighter Value="Delphi"/>
      </Unit25>
      <Unit26>
        <Filename Value="itools\id3mgmnt.pas"/>
        <IsPartOfProject Value="True"/>
        <UnitName Value="ID3Mgmnt"/>
        <CursorPos X="54" Y="235"/>
        <TopLine Value="211"/>
        <UsageCount Value="210"/>
        <SyntaxHighlighter Value="Delphi"/>
      </Unit26>
      <Unit27>
        <Filename Value="itools\filesupport.pas"/>
        <IsPartOfProject Value="True"/>
        <UnitName Value="FileSupport"/>
        <CursorPos X="21" Y="91"/>
        <TopLine Value="67"/>
        <UsageCount Value="210"/>
        <SyntaxHighlighter Value="Delphi"/>
      </Unit27>
      <Unit28>
        <Filename Value="itools\kspmessages.pas"/>
        <IsPartOfProject Value="True"/>
        <UnitName Value="KSPMessages"/>
        <CursorPos X="6" Y="44"/>
        <TopLine Value="17"/>
        <UsageCount Value="210"/>
        <SyntaxHighlighter Value="Delphi"/>
      </Unit28>
      <Unit29>
        <Filename Value="kspconstsvars.pas"/>
        <IsPartOfProject Value="True"/>
        <UnitName Value="KSPConstsVars"/>
        <CursorPos X="17" Y="105"/>
        <TopLine Value="85"/>
        <EditorIndex Value="5"/>
        <UsageCount Value="209"/>
        <Loaded Value="True"/>
        <SyntaxHighlighter Value="Delphi"/>
      </Unit29>
      <Unit30>
        <Filename Value="itools\filesupportlst.pas"/>
        <IsPartOfProject Value="True"/>
        <UnitName Value="FileSupportLst"/>
        <CursorPos X="9" Y="42"/>
        <TopLine Value="24"/>
        <UsageCount Value="209"/>
        <SyntaxHighlighter Value="Delphi"/>
      </Unit30>
      <Unit31>
        <Filename Value="itools\ksptypes.pas"/>
        <UnitName Value="KSPTypes"/>
        <CursorPos X="10" Y="57"/>
        <TopLine Value="37"/>
        <UsageCount Value="16"/>
        <SyntaxHighlighter Value="Delphi"/>
      </Unit31>
      <Unit32>
        <Filename Value="itools\dlldefs\kspfiles.pas"/>
        <IsPartOfProject Value="True"/>
        <UnitName Value="kspfiles"/>
        <CursorPos X="19" Y="56"/>
        <TopLine Value="49"/>
        <EditorIndex Value="6"/>
        <UsageCount Value="209"/>
        <Loaded Value="True"/>
        <SyntaxHighlighter Value="Delphi"/>
      </Unit32>
      <Unit33>
        <Filename Value="itools\threads\loadplsthread.pas"/>
        <IsPartOfProject Value="True"/>
        <UnitName Value="LoadPlsThread"/>
        <CursorPos X="19" Y="14"/>
        <TopLine Value="44"/>
        <UsageCount Value="207"/>
        <SyntaxHighlighter Value="Delphi"/>
      </Unit33>
      <Unit34>
        <Filename Value="itools\dlldefs\fileutils.pas"/>
        <IsPartOfProject Value="True"/>
        <UnitName Value="FileUtils"/>
        <CursorPos X="46" Y="15"/>
        <TopLine Value="1"/>
        <UsageCount Value="206"/>
        <SyntaxHighlighter Value="Delphi"/>
      </Unit34>
      <Unit35>
        <Filename Value="itools\mrng.pas"/>
        <IsPartOfProject Value="True"/>
        <UnitName Value="MRNG"/>
        <CursorPos X="18" Y="114"/>
        <TopLine Value="101"/>
        <UsageCount Value="205"/>
        <SyntaxHighlighter Value="Delphi"/>
      </Unit35>
      <Unit36>
        <Filename Value="additional\bass\APEtag.pas"/>
        <UnitName Value="APETag"/>
        <CursorPos X="55" Y="59"/>
        <TopLine Value="44"/>
        <UsageCount Value="9"/>
        <SyntaxHighlighter Value="Delphi"/>
      </Unit36>
      <Unit37>
        <Filename Value="C:\lazarus\lcl\include\wincontrol.inc"/>
        <CursorPos X="38" Y="5402"/>
        <TopLine Value="5391"/>
        <UsageCount Value="6"/>
      </Unit37>
      <Unit38>
        <Filename Value="C:\lazarus\fpc\2.2.2\source\rtl\win64\classes.pp"/>
        <UnitName Value="Classes"/>
        <CursorPos X="5" Y="56"/>
        <TopLine Value="48"/>
        <UsageCount Value="9"/>
      </Unit38>
      <Unit39>
        <Filename Value="additional\bass\bassplayer2.pas"/>
        <UnitName Value="BassPlayer2"/>
        <CursorPos X="46" Y="8"/>
        <TopLine Value="32"/>
        <UsageCount Value="1"/>
        <SyntaxHighlighter Value="Delphi"/>
      </Unit39>
      <Unit40>
        <Filename Value="C:\lazarus\lcl\lmessages.pp"/>
        <UnitName Value="LMessages"/>
        <CursorPos X="19" Y="757"/>
        <TopLine Value="743"/>
        <UsageCount Value="9"/>
      </Unit40>
      <Unit41>
        <Filename Value="C:\lazarus\fpc\2.2.2\source\rtl\win\wininc\messages.inc"/>
        <CursorPos X="5" Y="1173"/>
        <TopLine Value="1162"/>
        <UsageCount Value="9"/>
      </Unit41>
      <Unit42>
        <Filename Value="itools\platformdep\profilefunc.pas"/>
        <IsPartOfProject Value="True"/>
        <UnitName Value="profilefunc"/>
        <CursorPos X="36" Y="34"/>
        <TopLine Value="19"/>
        <UsageCount Value="200"/>
        <SyntaxHighlighter Value="Delphi"/>
      </Unit42>
      <Unit43>
        <Filename Value="C:\lazarus\components\printers\unix\cupsdyn.pp"/>
        <UnitName Value="cupsdyn"/>
        <CursorPos X="13" Y="60"/>
        <TopLine Value="42"/>
        <UsageCount Value="9"/>
      </Unit43>
      <Unit44>
        <Filename Value="C:\lazarus\fpc\2.2.2\source\packages\ibase\src\ibase60.inc"/>
        <CursorPos X="46" Y="2466"/>
        <TopLine Value="2452"/>
        <UsageCount Value="9"/>
      </Unit44>
      <Unit45>
        <Filename Value="C:\lazarus\fpc\2.2.2\source\rtl\objpas\sysutils\osutilsh.inc"/>
        <CursorPos X="20" Y="40"/>
        <TopLine Value="26"/>
        <UsageCount Value="10"/>
      </Unit45>
      <Unit46>
        <Filename Value="..\..\KSP2006\src\additional\devices\1.0.0.43\Source\Other\MxBase.pas"/>
        <UnitName Value="MxBase"/>
        <CursorPos X="19" Y="446"/>
        <TopLine Value="440"/>
        <UsageCount Value="10"/>
      </Unit46>
      <Unit47>
        <Filename Value="C:\lazarus\lcl\controls.pp"/>
        <UnitName Value="Controls"/>
        <CursorPos X="20" Y="1787"/>
        <TopLine Value="1773"/>
        <UsageCount Value="3"/>
      </Unit47>
      <Unit48>
        <Filename Value="C:\lazarus\lcl\include\control.inc"/>
        <CursorPos X="3" Y="2658"/>
        <TopLine Value="2653"/>
        <UsageCount Value="9"/>
      </Unit48>
      <Unit49>
        <Filename Value="C:\lazarus\lcl\graphics.pp"/>
        <UnitName Value="Graphics"/>
        <CursorPos X="19" Y="1104"/>
        <TopLine Value="1090"/>
        <UsageCount Value="1"/>
      </Unit49>
      <Unit50>
        <Filename Value="C:\lazarus\lcl\include\canvas.inc"/>
        <CursorPos X="3" Y="1166"/>
        <TopLine Value="1156"/>
        <UsageCount Value="1"/>
      </Unit50>
      <Unit51>
        <Filename Value="itools\kspstrings.pas"/>
        <IsPartOfProject Value="True"/>
        <UnitName Value="KSPStrings"/>
        <CursorPos X="45" Y="83"/>
        <TopLine Value="76"/>
        <EditorIndex Value="14"/>
        <UsageCount Value="201"/>
        <Loaded Value="True"/>
        <SyntaxHighlighter Value="Delphi"/>
      </Unit51>
      <Unit52>
        <Filename Value="C:\lazarus\fpc\2.2.2\source\packages\sqlite\src\sqlite.pp"/>
        <UnitName Value="sqlite"/>
        <CursorPos X="1" Y="1"/>
        <TopLine Value="123"/>
        <UsageCount Value="6"/>
      </Unit52>
      <Unit53>
        <Filename Value="itools\sqlite\sqlite3ds.pas"/>
        <UnitName Value="sqlite3ds"/>
        <CursorPos X="5" Y="141"/>
        <TopLine Value="130"/>
        <UsageCount Value="22"/>
        <SyntaxHighlighter Value="Delphi"/>
      </Unit53>
      <Unit54>
        <Filename Value="itools\sqlite\customsqliteds.pas"/>
        <UnitName Value="customsqliteds"/>
        <CursorPos X="17" Y="181"/>
        <TopLine Value="165"/>
        <UsageCount Value="22"/>
        <SyntaxHighlighter Value="Delphi"/>
      </Unit54>
      <Unit55>
        <Filename Value="itools\medialib\MediaItems.pas"/>
        <IsPartOfProject Value="True"/>
        <UnitName Value="MediaItems"/>
        <CursorPos X="73" Y="463"/>
        <TopLine Value="431"/>
        <UsageCount Value="206"/>
        <SyntaxHighlighter Value="Delphi"/>
      </Unit55>
      <Unit56>
        <Filename Value="itools\medialib\MediaItemsInfo.pas"/>
        <IsPartOfProject Value="True"/>
        <UnitName Value="MediaItemsInfo"/>
        <CursorPos X="1" Y="1"/>
        <TopLine Value="1"/>
        <UsageCount Value="202"/>
        <SyntaxHighlighter Value="Delphi"/>
      </Unit56>
      <Unit57>
        <Filename Value="itools\KSPCrossList.pas"/>
        <IsPartOfProject Value="True"/>
        <UnitName Value="KSPCrossList"/>
        <CursorPos X="1" Y="1"/>
        <TopLine Value="7"/>
        <UsageCount Value="202"/>
        <SyntaxHighlighter Value="Delphi"/>
      </Unit57>
      <Unit58>
        <Filename Value="C:\lazarus\components\sqlite\registersqlite3.pas"/>
        <UnitName Value="registersqlite3"/>
        <CursorPos X="24" Y="22"/>
        <TopLine Value="6"/>
        <UsageCount Value="2"/>
      </Unit58>
      <Unit59>
        <Filename Value="itools\threads\AddToDatabaseThreadU.pas"/>
        <UnitName Value="AddToDatabaseThreadU"/>
        <CursorPos X="24" Y="3"/>
        <TopLine Value="1"/>
        <UsageCount Value="34"/>
        <SyntaxHighlighter Value="Delphi"/>
      </Unit59>
      <Unit60>
        <Filename Value="itools\KSPStartup.pas"/>
        <IsPartOfProject Value="True"/>
        <UnitName Value="KSPStartup"/>
        <CursorPos X="1" Y="27"/>
        <TopLine Value="1"/>
        <EditorIndex Value="2"/>
        <UsageCount Value="202"/>
        <Loaded Value="True"/>
        <SyntaxHighlighter Value="Delphi"/>
      </Unit60>
      <Unit61>
        <Filename Value="itools\threads\MainWindowStartupThreads.pas"/>
        <IsPartOfProject Value="True"/>
        <UnitName Value="MainWindowStartupThreads"/>
        <CursorPos X="1" Y="10"/>
        <TopLine Value="9"/>
        <UsageCount Value="202"/>
        <SyntaxHighlighter Value="Delphi"/>
      </Unit61>
      <Unit62>
        <Filename Value="itools\medialib\MediaFolders.pas"/>
        <IsPartOfProject Value="True"/>
        <UnitName Value="MediaFolders"/>
        <CursorPos X="36" Y="144"/>
        <TopLine Value="125"/>
        <EditorIndex Value="10"/>
        <UsageCount Value="202"/>
        <Loaded Value="True"/>
        <SyntaxHighlighter Value="Delphi"/>
      </Unit62>
      <Unit63>
        <Filename Value="itools\threads\FoldersScan.pas"/>
        <IsPartOfProject Value="True"/>
        <UnitName Value="FoldersScan"/>
        <CursorPos X="19" Y="64"/>
        <TopLine Value="59"/>
        <UsageCount Value="202"/>
        <SyntaxHighlighter Value="Delphi"/>
      </Unit63>
      <Unit64>
        <Filename Value="itools\threads\startupthread.pas"/>
        <IsPartOfProject Value="True"/>
        <UnitName Value="StartupThread"/>
        <CursorPos X="42" Y="10"/>
        <TopLine Value="14"/>
        <UsageCount Value="201"/>
        <SyntaxHighlighter Value="Delphi"/>
      </Unit64>
      <Unit65>
        <Filename Value="itools\bookmarksu.pas"/>
        <IsPartOfProject Value="True"/>
        <UnitName Value="BookmarksU"/>
        <CursorPos X="13" Y="17"/>
        <TopLine Value="12"/>
        <UsageCount Value="200"/>
        <SyntaxHighlighter Value="Delphi"/>
      </Unit65>
      <Unit66>
        <Filename Value="itools\presetsu.pas"/>
        <IsPartOfProject Value="True"/>
        <UnitName Value="PresetsU"/>
        <CursorPos X="34" Y="16"/>
        <TopLine Value="1"/>
        <UsageCount Value="200"/>
        <SyntaxHighlighter Value="Delphi"/>
      </Unit66>
      <Unit67>
        <Filename Value="itools\app_db_utils.pas"/>
        <IsPartOfProject Value="True"/>
        <UnitName Value="app_db_utils"/>
        <CursorPos X="11" Y="432"/>
        <TopLine Value="415"/>
        <UsageCount Value="200"/>
        <SyntaxHighlighter Value="Delphi"/>
      </Unit67>
      <Unit68>
        <Filename Value="itools\app_sql.pas"/>
        <IsPartOfProject Value="True"/>
        <UnitName Value="app_sql"/>
        <CursorPos X="37" Y="67"/>
        <TopLine Value="43"/>
        <UsageCount Value="200"/>
        <SyntaxHighlighter Value="Delphi"/>
      </Unit68>
      <Unit69>
        <Filename Value="C:\lazarus\lcl\include\application.inc"/>
        <CursorPos X="1" Y="360"/>
        <TopLine Value="340"/>
        <EditorIndex Value="3"/>
        <UsageCount Value="18"/>
        <Loaded Value="True"/>
      </Unit69>
      <Unit70>
        <Filename Value="DOCS\TODO.TXT"/>
        <IsPartOfProject Value="True"/>
        <CursorPos X="42" Y="6"/>
        <TopLine Value="1"/>
        <EditorIndex Value="1"/>
        <UsageCount Value="202"/>
        <Loaded Value="True"/>
        <SyntaxHighlighter Value="None"/>
      </Unit70>
      <Unit71>
        <Filename Value="additional\bass\CommonATL.pas"/>
        <UnitName Value="CommonATL"/>
        <CursorPos X="7" Y="214"/>
        <TopLine Value="192"/>
        <UsageCount Value="2"/>
        <SyntaxHighlighter Value="Delphi"/>
      </Unit71>
      <Unit72>
        <Filename Value="additional\bass\OggVorbis.pas"/>
        <UnitName Value="OggVorbis"/>
        <CursorPos X="41" Y="674"/>
        <TopLine Value="665"/>
        <UsageCount Value="2"/>
        <SyntaxHighlighter Value="Delphi"/>
      </Unit72>
      <Unit73>
        <Filename Value="additional\bass\MPEGAudio.pas"/>
        <UnitName Value="MPEGaudio"/>
        <CursorPos X="30" Y="583"/>
        <TopLine Value="564"/>
        <UsageCount Value="15"/>
        <SyntaxHighlighter Value="Delphi"/>
      </Unit73>
      <Unit74>
        <Filename Value="C:\lazarus\lcl\checklst.pas"/>
        <UnitName Value="CheckLst"/>
        <CursorPos X="43" Y="76"/>
        <TopLine Value="61"/>
        <UsageCount Value="9"/>
      </Unit74>
      <Unit75>
        <Filename Value="C:\lazarus\lcl\extctrls.pp"/>
        <UnitName Value="ExtCtrls"/>
        <CursorPos X="15" Y="1142"/>
        <TopLine Value="1131"/>
        <UsageCount Value="6"/>
      </Unit75>
      <Unit76>
        <Filename Value="C:\lazarus\lcl\include\customtrayicon.inc"/>
        <CursorPos X="3" Y="92"/>
        <TopLine Value="80"/>
        <UsageCount Value="6"/>
      </Unit76>
      <Unit77>
        <Filename Value="C:\lazarus\lcl\forms.pp"/>
        <UnitName Value="Forms"/>
        <CursorPos X="40" Y="371"/>
        <TopLine Value="360"/>
        <UsageCount Value="6"/>
      </Unit77>
      <Unit78>
        <Filename Value="additional\multilog\multilog.pas"/>
        <IsPartOfProject Value="True"/>
        <UnitName Value="MultiLog"/>
        <CursorPos X="1" Y="1063"/>
        <TopLine Value="1061"/>
        <EditorIndex Value="11"/>
        <UsageCount Value="196"/>
        <Bookmarks Count="1">
          <Item0 X="38" Y="1063" ID="0"/>
        </Bookmarks>
        <Loaded Value="True"/>
        <SyntaxHighlighter Value="Delphi"/>
      </Unit78>
      <Unit79>
        <Filename Value="additional\multilog\filechannel.pas"/>
        <UnitName Value="filechannel"/>
        <CursorPos X="20" Y="139"/>
        <TopLine Value="133"/>
        <UsageCount Value="10"/>
        <SyntaxHighlighter Value="Delphi"/>
      </Unit79>
      <Unit80>
        <Filename Value="additional\bass\bass_aac.pas"/>
        <UnitName Value="BASS_AAC"/>
        <CursorPos X="6" Y="5"/>
        <TopLine Value="1"/>
        <UsageCount Value="10"/>
        <SyntaxHighlighter Value="Delphi"/>
      </Unit80>
      <Unit81>
        <Filename Value="C:\lazarus\components\sqldb\registersqldb.pas"/>
        <UnitName Value="registersqldb"/>
        <CursorPos X="22" Y="41"/>
        <TopLine Value="21"/>
        <UsageCount Value="2"/>
      </Unit81>
      <Unit82>
        <Filename Value="LICENSE.txt"/>
        <IsPartOfProject Value="True"/>
        <CursorPos X="32" Y="10"/>
        <TopLine Value="1"/>
        <UsageCount Value="189"/>
        <SyntaxHighlighter Value="None"/>
      </Unit82>
      <Unit83>
        <Filename Value="itools\addforms\optionsfrm.pas"/>
        <ComponentName Value="ProgramOptions"/>
        <HasResources Value="True"/>
        <ResourceBaseClass Value="Form"/>
        <UnitName Value="OptionsFrm"/>
        <CursorPos X="1" Y="100"/>
        <TopLine Value="64"/>
        <UsageCount Value="9"/>
        <SyntaxHighlighter Value="Delphi"/>
      </Unit83>
      <Unit84>
        <Filename Value="C:\Users\root\Documents\Lazarus\Firma\src\main.pas"/>
        <ComponentName Value="MainForm"/>
        <HasResources Value="True"/>
        <ResourceBaseClass Value="Form"/>
        <UnitName Value="main"/>
        <CursorPos X="9" Y="250"/>
        <TopLine Value="238"/>
        <UsageCount Value="6"/>
      </Unit84>
      <Unit85>
        <Filename Value="itools\addforms\optionsfrm2.pas"/>
        <ComponentName Value="KSPOptions"/>
        <IsPartOfProject Value="True"/>
        <ResourceBaseClass Value="Form"/>
        <UnitName Value="OptionsFrm2"/>
        <CursorPos X="58" Y="35"/>
        <TopLine Value="22"/>
        <UsageCount Value="184"/>
        <SyntaxHighlighter Value="Delphi"/>
      </Unit85>
      <Unit86>
        <Filename Value="C:\lazarus\fpc\2.2.2\source\packages\fcl-process\src\process.pp"/>
        <UnitName Value="process"/>
        <CursorPos X="19" Y="97"/>
        <TopLine Value="77"/>
        <UsageCount Value="9"/>
      </Unit86>
      <Unit87>
        <Filename Value="C:\lazarus\fpc\2.2.2\source\packages\fcl-process\src\win\process.inc"/>
        <CursorPos X="20" Y="188"/>
        <TopLine Value="176"/>
        <UsageCount Value="9"/>
      </Unit87>
      <Unit88>
        <Filename Value="C:\lazarus32\fpc\2.2.2\source\packages\sqlite\src\sqlite3.inc"/>
        <CursorPos X="13" Y="296"/>
        <TopLine Value="286"/>
        <UsageCount Value="9"/>
      </Unit88>
      <Unit89>
        <Filename Value="C:\lazarus32\fpc\2.2.2\source\packages\fcl-db\src\sqldb\sqlite\sqlite3conn.pp"/>
        <UnitName Value="sqlite3conn"/>
        <CursorPos X="3" Y="37"/>
        <TopLine Value="19"/>
        <UsageCount Value="10"/>
      </Unit89>
      <Unit90>
        <Filename Value="C:\lazarus32\fpc\2.2.2\source\packages\fcl-db\src\sqldb\sqldb.pp"/>
        <UnitName Value="sqldb"/>
        <CursorPos X="6" Y="27"/>
        <TopLine Value="9"/>
        <UsageCount Value="10"/>
      </Unit90>
      <Unit91>
        <Filename Value="C:\lazarus32\lcl\interfaces\win32\win32listsl.inc"/>
        <CursorPos X="1" Y="495"/>
        <TopLine Value="477"/>
        <UsageCount Value="9"/>
      </Unit91>
      <Unit92>
        <Filename Value="itools\addforms\splash.pas"/>
        <ComponentName Value="SplashForm"/>
        <IsPartOfProject Value="True"/>
        <ResourceBaseClass Value="Form"/>
        <UnitName Value="splash"/>
        <CursorPos X="11" Y="15"/>
        <TopLine Value="1"/>
        <UsageCount Value="164"/>
        <SyntaxHighlighter Value="Delphi"/>
      </Unit92>
      <Unit93>
        <Filename Value="C:\lazarus32\lcl\dialogs.pp"/>
        <UnitName Value="Dialogs"/>
        <CursorPos X="10" Y="506"/>
        <TopLine Value="486"/>
        <UsageCount Value="5"/>
      </Unit93>
      <Unit94>
        <Filename Value="C:\lazarus32\fpc\2.2.2\source\rtl\objpas\sysutils\finah.inc"/>
        <CursorPos X="16" Y="26"/>
        <TopLine Value="3"/>
        <UsageCount Value="9"/>
      </Unit94>
      <Unit95>
        <Filename Value="C:\lazarus32\fpc\2.2.2\source\rtl\objpas\sysutils\fina.inc"/>
        <CursorPos X="1" Y="94"/>
        <TopLine Value="89"/>
        <UsageCount Value="9"/>
      </Unit95>
      <Unit96>
        <Filename Value="C:\lazarus32\fpc\2.2.2\source\rtl\objpas\classes\classesh.inc"/>
        <CursorPos X="14" Y="272"/>
        <TopLine Value="253"/>
        <UsageCount Value="9"/>
      </Unit96>
      <Unit97>
        <Filename Value="itools\threads\complib.pas"/>
        <IsPartOfProject Value="True"/>
        <UnitName Value="complib"/>
        <CursorPos X="148" Y="4"/>
        <TopLine Value="1"/>
        <UsageCount Value="153"/>
        <SyntaxHighlighter Value="Delphi"/>
      </Unit97>
      <Unit98>
        <Filename Value="C:\lazarus32\fpc\2.2.2\source\rtl\win\wininc\ascdef.inc"/>
        <CursorPos X="10" Y="186"/>
        <TopLine Value="167"/>
        <UsageCount Value="10"/>
      </Unit98>
      <Unit99>
        <Filename Value="C:\lazarus32\fpc\2.2.2\source\rtl\inc\threadh.inc"/>
        <CursorPos X="36" Y="155"/>
        <TopLine Value="123"/>
        <UsageCount Value="1"/>
      </Unit99>
      <Unit100>
        <Filename Value="C:\lazarus32\lcl\lclproc.pas"/>
        <UnitName Value="LCLProc"/>
        <CursorPos X="1" Y="2750"/>
        <TopLine Value="2730"/>
        <UsageCount Value="1"/>
      </Unit100>
      <Unit101>
        <Filename Value="C:\lazarus32\lcl\fileutil.pas"/>
        <UnitName Value="FileUtil"/>
        <CursorPos X="20" Y="191"/>
        <TopLine Value="171"/>
        <UsageCount Value="1"/>
      </Unit101>
      <Unit102>
        <Filename Value="C:\lazarus32\lcl\include\fileutil.inc"/>
        <CursorPos X="10" Y="77"/>
        <TopLine Value="57"/>
        <UsageCount Value="1"/>
      </Unit102>
      <Unit103>
        <Filename Value="additional\multilog\kspthreadutils.pas"/>
        <IsPartOfProject Value="True"/>
        <UnitName Value="KSPThreadUtils"/>
        <CursorPos X="1" Y="124"/>
        <TopLine Value="111"/>
        <UsageCount Value="145"/>
        <SyntaxHighlighter Value="Delphi"/>
      </Unit103>
      <Unit104>
        <Filename Value="C:\lazarus32\fpc\2.2.2\source\rtl\objpas\objpas.pp"/>
        <UnitName Value="objpas"/>
        <CursorPos X="8" Y="26"/>
        <TopLine Value="6"/>
        <UsageCount Value="1"/>
      </Unit104>
      <Unit105>
        <Filename Value="C:\lazarus32\fpc\2.2.2\source\rtl\objpas\sysutils\datih.inc"/>
        <CursorPos X="20" Y="130"/>
        <TopLine Value="110"/>
        <UsageCount Value="10"/>
      </Unit105>
      <Unit106>
        <Filename Value="C:\lazarus32\fpc\2.2.2\source\rtl\objpas\sysutils\dati.inc"/>
        <CursorPos X="3" Y="731"/>
        <TopLine Value="705"/>
        <UsageCount Value="10"/>
      </Unit106>
      <Unit107>
        <Filename Value="C:\lazarus32\lcl\interfaces\qt\qt4.pas"/>
        <UnitName Value="qt4"/>
        <CursorPos X="16" Y="7"/>
        <TopLine Value="1"/>
        <UsageCount Value="1"/>
      </Unit107>
      <Unit108>
        <Filename Value="C:\lazarus32\lcl\interfaces\qt\qtdefines.inc"/>
        <CursorPos X="1" Y="1"/>
        <TopLine Value="1"/>
        <UsageCount Value="2"/>
      </Unit108>
      <Unit109>
        <Filename Value="..\qt44.pas"/>
        <UnitName Value="qt44"/>
        <CursorPos X="20" Y="11952"/>
        <TopLine Value="11949"/>
        <UsageCount Value="1"/>
      </Unit109>
      <Unit110>
        <Filename Value="C:\lazarus32\lcl\interfaces\qt\qtwidgets.pas"/>
        <UnitName Value="qtwidgets"/>
        <CursorPos X="30" Y="225"/>
        <TopLine Value="209"/>
        <UsageCount Value="6"/>
      </Unit110>
      <Unit111>
        <Filename Value="additional\qt4custom.pas"/>
        <UnitName Value="qt4custom"/>
        <CursorPos X="1" Y="13478"/>
        <TopLine Value="13446"/>
        <UsageCount Value="12"/>
        <Bookmarks Count="1">
          <Item0 X="8" Y="13368" ID="0"/>
        </Bookmarks>
        <SyntaxHighlighter Value="Delphi"/>
      </Unit111>
      <Unit112>
        <Filename Value="C:\lazarus32\lcl\forms.pp"/>
        <UnitName Value="Forms"/>
        <CursorPos X="23" Y="1095"/>
        <TopLine Value="1080"/>
        <UsageCount Value="4"/>
      </Unit112>
      <Unit113>
        <Filename Value="C:\lazarus32\lcl\interfaces\qt\qt44.pas"/>
        <UnitName Value="qt44"/>
        <CursorPos X="10" Y="993"/>
        <TopLine Value="986"/>
        <UsageCount Value="20"/>
      </Unit113>
      <Unit114>
        <Filename Value="C:\lazarus32\lcl\interfaces\qt\qtcaret.pas"/>
        <UnitName Value="QtCaret"/>
        <CursorPos X="18" Y="51"/>
        <TopLine Value="35"/>
        <UsageCount Value="1"/>
      </Unit114>
      <Unit115>
        <Filename Value="C:\lazarus32\fpc\2.2.2\source\rtl\inc\systemh.inc"/>
        <CursorPos X="3" Y="285"/>
        <TopLine Value="269"/>
        <UsageCount Value="3"/>
      </Unit115>
      <Unit116>
        <Filename Value="C:\lazarus32\lcl\include\customform.inc"/>
        <CursorPos X="1" Y="2203"/>
        <TopLine Value="2183"/>
        <UsageCount Value="4"/>
      </Unit116>
      <Unit117>
        <Filename Value="C:\lazarus32\fpc\2.2.2\source\rtl\objpas\sysutils\syspchh.inc"/>
        <CursorPos X="31" Y="30"/>
        <TopLine Value="11"/>
        <UsageCount Value="3"/>
      </Unit117>
      <Unit118>
        <Filename Value="C:\lazarus32\fpc\2.2.2\source\rtl\inc\varianth.inc"/>
        <CursorPos X="10" Y="457"/>
        <TopLine Value="437"/>
        <UsageCount Value="2"/>
      </Unit118>
      <Unit119>
        <Filename Value="C:\lazarus32\fpc\2.2.2\source\rtl\objpas\types.pp"/>
        <UnitName Value="types"/>
        <CursorPos X="3" Y="94"/>
        <TopLine Value="74"/>
        <UsageCount Value="5"/>
      </Unit119>
      <Unit120>
        <Filename Value="C:\lazarus32\lcl\include\application.inc"/>
        <CursorPos X="1" Y="1867"/>
        <TopLine Value="1847"/>
        <UsageCount Value="4"/>
      </Unit120>
      <Unit121>
        <Filename Value="C:\lazarus32\lcl\interfacebase.pp"/>
        <UnitName Value="InterfaceBase"/>
        <CursorPos X="18" Y="91"/>
        <TopLine Value="73"/>
        <UsageCount Value="4"/>
      </Unit121>
      <Unit122>
        <Filename Value="C:\lazarus32\lcl\interfaces\qt\qtobject.inc"/>
        <CursorPos X="1" Y="141"/>
        <TopLine Value="121"/>
        <UsageCount Value="4"/>
      </Unit122>
      <Unit123>
        <Filename Value="C:\lazarus32\lcl\interfaces\qt\qtobjects.pas"/>
        <UnitName Value="qtobjects"/>
        <CursorPos X="1" Y="2381"/>
        <TopLine Value="2361"/>
        <UsageCount Value="4"/>
      </Unit123>
      <Unit124>
        <Filename Value="C:\lazarus\lcl\include\menuitem.inc"/>
        <CursorPos X="51" Y="67"/>
        <TopLine Value="56"/>
        <UsageCount Value="4"/>
      </Unit124>
      <Unit125>
        <Filename Value="C:\lazarus\fpc\2.2.2\source\rtl\win\wininc\defines.inc"/>
        <CursorPos X="6" Y="2627"/>
        <TopLine Value="2608"/>
        <UsageCount Value="5"/>
      </Unit125>
      <Unit126>
        <Filename Value="C:\lazarus\fpc\2.2.2\source\rtl\win\wininc\func.inc"/>
        <CursorPos X="28" Y="126"/>
        <TopLine Value="115"/>
        <UsageCount Value="5"/>
      </Unit126>
      <Unit127>
        <Filename Value="dlls\files\FileUtils.pas"/>
        <UnitName Value="FileUtils"/>
        <CursorPos X="7" Y="72"/>
        <TopLine Value="43"/>
        <UsageCount Value="5"/>
      </Unit127>
      <Unit128>
        <Filename Value="C:\lazarus\lcl\interfaces\qt\qt4.pas"/>
        <UnitName Value="qt4"/>
        <CursorPos X="11" Y="4358"/>
        <TopLine Value="4338"/>
        <UsageCount Value="29"/>
      </Unit128>
      <Unit129>
        <Filename Value="..\not.h"/>
        <CursorPos X="1" Y="1"/>
        <TopLine Value="1"/>
        <UsageCount Value="11"/>
        <SyntaxHighlighter Value="C++"/>
      </Unit129>
      <Unit130>
        <Filename Value=""/>
        <UsageCount Value="8"/>
        <SyntaxHighlighter Value="None"/>
      </Unit130>
      <Unit131>
        <Filename Value="additional\bass\RT_bassmix.pas"/>
        <UnitName Value="RT_bassmix"/>
        <CursorPos X="11" Y="77"/>
        <TopLine Value="22"/>
        <UsageCount Value="13"/>
        <SyntaxHighlighter Value="Delphi"/>
      </Unit131>
      <Unit132>
        <Filename Value="C:\lazarus\lcl\dialogs.pp"/>
        <UnitName Value="Dialogs"/>
        <CursorPos X="10" Y="506"/>
        <TopLine Value="487"/>
        <UsageCount Value="8"/>
      </Unit132>
      <Unit133>
        <Filename Value="C:\lazarus\fpc\2.2.2\source\rtl\inc\wstringh.inc"/>
        <CursorPos X="20" Y="86"/>
        <TopLine Value="70"/>
        <UsageCount Value="8"/>
      </Unit133>
      <Unit134>
        <Filename Value="C:\lazarus\fpc\2.2.2\source\rtl\inc\wustrings.inc"/>
        <CursorPos X="50" Y="1795"/>
        <TopLine Value="1786"/>
        <UsageCount Value="8"/>
      </Unit134>
      <Unit135>
        <Filename Value="C:\lazarus\fpc\2.2.2\source\rtl\inc\systemh.inc"/>
        <CursorPos X="14" Y="695"/>
        <TopLine Value="675"/>
        <EditorIndex Value="8"/>
        <UsageCount Value="11"/>
        <Loaded Value="True"/>
      </Unit135>
      <Unit136>
        <Filename Value="additional\bass\TntCollection.pas"/>
        <UnitName Value="TntCollection"/>
        <CursorPos X="34" Y="13"/>
        <TopLine Value="16"/>
        <UsageCount Value="10"/>
        <SyntaxHighlighter Value="Delphi"/>
      </Unit136>
      <Unit137>
        <Filename Value="additional\bass\Delphi_Ver.inc"/>
        <CursorPos X="36" Y="6"/>
        <TopLine Value="1"/>
        <UsageCount Value="8"/>
        <SyntaxHighlighter Value="Delphi"/>
      </Unit137>
      <Unit138>
        <Filename Value="additional\bass\ID3v2.pas"/>
        <UnitName Value="ID3v2"/>
        <CursorPos X="32" Y="410"/>
        <TopLine Value="1"/>
        <UsageCount Value="10"/>
        <SyntaxHighlighter Value="Delphi"/>
      </Unit138>
      <Unit139>
        <Filename Value="additional\bass\AACfile.pas"/>
        <UnitName Value="AACfile"/>
        <CursorPos X="32" Y="56"/>
        <TopLine Value="295"/>
        <UsageCount Value="9"/>
        <SyntaxHighlighter Value="Delphi"/>
      </Unit139>
      <Unit140>
        <Filename Value="C:\lazarus\fpc\2.2.2\source\rtl\objpas\classes\classesh.inc"/>
        <CursorPos X="16" Y="542"/>
        <TopLine Value="469"/>
        <UsageCount Value="9"/>
      </Unit140>
      <Unit141>
        <Filename Value="C:\lazarus\fpc\2.2.2\bin\i386-win32\windres.h"/>
        <CursorPos X="10" Y="2557"/>
        <TopLine Value="2541"/>
        <UsageCount Value="10"/>
        <SyntaxHighlighter Value="C++"/>
      </Unit141>
      <Unit142>
        <Filename Value="C:\lazarus\fpc\2.2.2\source\packages\winceunits\src\shellapi.pp"/>
        <UnitName Value="shellapi"/>
        <CursorPos X="45" Y="72"/>
        <TopLine Value="64"/>
        <UsageCount Value="10"/>
      </Unit142>
      <Unit143>
        <Filename Value="C:\lazarus\fpc\2.2.2\source\packages\winunits-base\src\shlobj.pp"/>
        <UnitName Value="shlobj"/>
        <CursorPos X="40" Y="2051"/>
        <TopLine Value="2036"/>
        <UsageCount Value="10"/>
      </Unit143>
      <Unit144>
        <Filename Value="itools\addforms\support.pas"/>
        <ComponentName Value="SupportForm"/>
        <IsPartOfProject Value="True"/>
        <ResourceBaseClass Value="Form"/>
        <UnitName Value="Support"/>
        <CursorPos X="37" Y="33"/>
        <TopLine Value="12"/>
        <UsageCount Value="32"/>
        <SyntaxHighlighter Value="Delphi"/>
      </Unit144>
      <Unit145>
        <Filename Value="C:\lazarus\fpc\2.2.2\source\rtl\objpas\sysutils\filutilh.inc"/>
        <CursorPos X="28" Y="72"/>
        <TopLine Value="62"/>
        <UsageCount Value="10"/>
      </Unit145>
      <Unit146>
        <Filename Value="C:\lazarus\fpc\2.2.2\source\rtl\win\sysutils.pp"/>
        <UnitName Value="sysutils"/>
        <CursorPos X="25" Y="464"/>
        <TopLine Value="43"/>
        <UsageCount Value="10"/>
      </Unit146>
      <Unit147>
        <Filename Value="C:\lazarus\fpc\2.2.2\source\rtl\win\wininc\ascdef.inc"/>
        <CursorPos X="16" Y="122"/>
        <TopLine Value="102"/>
        <UsageCount Value="10"/>
      </Unit147>
      <Unit148>
        <Filename Value="C:\lazarus\examples\cleandir\frmmain.pp"/>
        <ComponentName Value="MainForm"/>
        <HasResources Value="True"/>
        <ResourceBaseClass Value="Form"/>
        <UnitName Value="frmmain"/>
        <CursorPos X="26" Y="743"/>
        <TopLine Value="721"/>
        <UsageCount Value="10"/>
      </Unit148>
      <Unit149>
        <Filename Value="C:\lazarus\fpc\2.2.2\source\rtl\objpas\sysutils\datih.inc"/>
        <CursorPos X="10" Y="133"/>
        <TopLine Value="91"/>
        <UsageCount Value="10"/>
      </Unit149>
      <Unit150>
        <Filename Value="C:\lazarus\fpc\2.2.2\source\rtl\objpas\dateutil.inc"/>
        <CursorPos X="29" Y="255"/>
        <TopLine Value="237"/>
        <EditorIndex Value="7"/>
        <UsageCount Value="10"/>
        <Loaded Value="True"/>
      </Unit150>
      <Unit151>
        <Filename Value="C:\lazarus\fpc\2.2.2\source\rtl\win\sysdir.inc"/>
        <CursorPos X="27" Y="60"/>
        <TopLine Value="50"/>
        <EditorIndex Value="9"/>
        <UsageCount Value="10"/>
        <Loaded Value="True"/>
      </Unit151>
      <Unit152>
        <Filename Value="C:\lazarus\fpc\2.2.2\source\rtl\win\sysos.inc"/>
        <CursorPos X="13" Y="250"/>
        <TopLine Value="230"/>
        <UsageCount Value="10"/>
      </Unit152>
    </Units>
    <JumpHistory Count="30" HistoryIndex="29">
      <Position1>
        <Filename Value="C:\lazarus\lcl\include\application.inc"/>
        <Caret Line="364" Column="1" TopLine="344"/>
      </Position1>
      <Position2>
        <Filename Value="itools\KSPStartup.pas"/>
        <Caret Line="20" Column="1" TopLine="1"/>
      </Position2>
      <Position3>
        <Filename Value="itools\KSPStartup.pas"/>
        <Caret Line="22" Column="1" TopLine="2"/>
      </Position3>
      <Position4>
        <Filename Value="itools\KSPStartup.pas"/>
        <Caret Line="23" Column="1" TopLine="3"/>
      </Position4>
      <Position5>
        <Filename Value="itools\KSPStartup.pas"/>
        <Caret Line="25" Column="1" TopLine="5"/>
      </Position5>
      <Position6>
        <Filename Value="itools\KSPStartup.pas"/>
        <Caret Line="26" Column="1" TopLine="6"/>
      </Position6>
      <Position7>
        <Filename Value="itools\KSPStartup.pas"/>
        <Caret Line="28" Column="1" TopLine="8"/>
      </Position7>
      <Position8>
        <Filename Value="itools\KSPStartup.pas"/>
        <Caret Line="29" Column="1" TopLine="9"/>
      </Position8>
      <Position9>
        <Filename Value="itools\dlldefs\kspfiles.pas"/>
        <Caret Line="68" Column="23" TopLine="49"/>
      </Position9>
      <Position10>
        <Filename Value="itools\KSPStartup.pas"/>
        <Caret Line="26" Column="37" TopLine="9"/>
      </Position10>
      <Position11>
        <Filename Value="C:\lazarus\lcl\include\application.inc"/>
        <Caret Line="360" Column="1" TopLine="340"/>
      </Position11>
      <Position12>
        <Filename Value="itools\dlldefs\kspfiles.pas"/>
        <Caret Line="88" Column="63" TopLine="70"/>
      </Position12>
      <Position13>
        <Filename Value="itools\dlldefs\kspfiles.pas"/>
        <Caret Line="81" Column="61" TopLine="70"/>
      </Position13>
      <Position14>
        <Filename Value="C:\lazarus\lcl\include\application.inc"/>
        <Caret Line="356" Column="41" TopLine="340"/>
      </Position14>
      <Position15>
        <Filename Value="itools\KSPStartup.pas"/>
        <Caret Line="20" Column="1" TopLine="1"/>
      </Position15>
      <Position16>
        <Filename Value="itools\dlldefs\kspfiles.pas"/>
        <Caret Line="70" Column="23" TopLine="49"/>
      </Position16>
      <Position17>
        <Filename Value="itools\dlldefs\kspfiles.pas"/>
        <Caret Line="56" Column="19" TopLine="49"/>
      </Position17>
      <Position18>
        <Filename Value="C:\lazarus\lcl\include\application.inc"/>
        <Caret Line="360" Column="1" TopLine="340"/>
      </Position18>
      <Position19>
        <Filename Value="main.pas"/>
        <Caret Line="2579" Column="14" TopLine="2559"/>
      </Position19>
      <Position20>
        <Filename Value="main.pas"/>
        <Caret Line="1732" Column="3" TopLine="1730"/>
      </Position20>
      <Position21>
        <Filename Value="main.pas"/>
        <Caret Line="61" Column="28" TopLine="48"/>
      </Position21>
      <Position22>
        <Filename Value="main.pas"/>
        <Caret Line="141" Column="14" TopLine="121"/>
      </Position22>
      <Position23>
        <Filename Value="main.pas"/>
        <Caret Line="1755" Column="67" TopLine="1739"/>
      </Position23>
      <Position24>
        <Filename Value="main.pas"/>
        <Caret Line="2557" Column="23" TopLine="2537"/>
      </Position24>
      <Position25>
        <Filename Value="main.pas"/>
        <Caret Line="446" Column="12" TopLine="439"/>
      </Position25>
      <Position26>
        <Filename Value="main.pas"/>
        <Caret Line="442" Column="25" TopLine="439"/>
      </Position26>
      <Position27>
        <Filename Value="main.pas"/>
        <Caret Line="2553" Column="40" TopLine="2537"/>
      </Position27>
      <Position28>
        <Filename Value="main.pas"/>
        <Caret Line="7" Column="33" TopLine="1"/>
      </Position28>
      <Position29>
        <Filename Value="main.pas"/>
        <Caret Line="67" Column="11" TopLine="47"/>
      </Position29>
      <Position30>
        <Filename Value="main.pas"/>
        <Caret Line="176" Column="1" TopLine="156"/>
      </Position30>
    </JumpHistory>
  </ProjectOptions>
  <CompilerOptions>
    <Version Value="8"/>
    <PathDelim Value="\"/>
    <Target>
      <Filename Value="..\bin\ksp.exe"/>
    </Target>
    <SearchPaths>
      <IncludeFiles Value="$(ProjOutDir)\"/>
      <OtherUnitFiles Value="additional\bass\;additional\atl\;itools\;additional\;itools\dlldefs\;itools\threads\;itools\platformdep\;itools\medialib\;itools\sqlite\;additional\multilog\;itools\addforms\"/>
      <UnitOutputDirectory Value="E:\ksp\KSP2009\dcu"/>
      <LCLWidgetType Value="qt"/>
    </SearchPaths>
    <Parsing>
      <Style Value="1"/>
      <SyntaxOptions>
        <SyntaxMode Value="Delphi"/>
        <CStyleOperator Value="False"/>
      </SyntaxOptions>
    </Parsing>
    <CodeGeneration>
      <SmartLinkUnit Value="True"/>
      <SmallerCode Value="True"/>
      <Optimizations>
        <UncertainOptimizations Value="True"/>
      </Optimizations>
    </CodeGeneration>
    <Linking>
      <Debugging>
        <GenerateDebugInfo Value="True"/>
        <UseHeaptrc Value="True"/>
        <UseValgrind Value="True"/>
        <UseExternalDbgSyms Value="True"/>
      </Debugging>
      <LinkSmart Value="True"/>
      <Options>
        <Win32>
          <GraphicApplication Value="True"/>
        </Win32>
      </Options>
    </Linking>
    <Other>
      <Verbosity>
        <ShowSummary Value="True"/>
      </Verbosity>
      <CustomOptions Value="-dVER185
-uDEBUG -dRELEASE
-dKSP64
-dLOAD_DYNAMICALLY
-dWINX86KSP
-dKSPDEBUG
-dUSEQT
-dUSE_QT_44
"/>
      <CompilerPath Value="$(CompPath)"/>
    </Other>
  </CompilerOptions>
  <Debugging>
    <BreakPoints Count="5">
      <Item1>
        <Source Value="C:\lazarus32\lcl\include\application.inc"/>
        <Line Value="360"/>
      </Item1>
      <Item2>
        <Source Value="main.pas"/>
        <Line Value="2488"/>
      </Item2>
      <Item3>
        <Source Value="main.pas"/>
        <Line Value="1867"/>
      </Item3>
      <Item4>
        <Source Value="main.pas"/>
        <Line Value="482"/>
      </Item4>
      <Item5>
        <Source Value="main.pas"/>
        <Line Value="915"/>
      </Item5>
    </BreakPoints>
    <Exceptions Count="3">
      <Item1>
        <Name Value="EAbort"/>
      </Item1>
      <Item2>
        <Name Value="ECodetoolError"/>
      </Item2>
      <Item3>
        <Name Value="EFOpenError"/>
      </Item3>
    </Exceptions>
  </Debugging>
</CONFIG>
=======
<?xml version="1.0"?>
<CONFIG>
  <ProjectOptions>
    <PathDelim Value="/"/>
    <Version Value="7"/>
    <General>
      <MainUnit Value="0"/>
      <AutoCreateForms Value="False"/>
      <TargetFileExt Value=".exe"/>
      <Icon Value="0"/>
      <UseXPManifest Value="True"/>
      <ActiveEditorIndexAtStart Value="10"/>
    </General>
    <i18n>
      <EnableI18N Value="True"/>
      <OutDir Value="../po"/>
    </i18n>
    <VersionInfo>
      <UseVersionInfo Value="True"/>
      <CurrentMajorRevNr Value="2"/>
      <ProjectVersion Value="0.0.1.0"/>
    </VersionInfo>
    <PublishOptions>
      <Version Value="2"/>
      <IgnoreBinaries Value="False"/>
      <IncludeFileFilter Value="*.(pas|pp|inc|lfm|lpr|lrs|lpi|lpk|sh|xml)"/>
      <ExcludeFileFilter Value="*.(bak|ppu|ppw|o|so);*~;backup"/>
    </PublishOptions>
    <RunParams>
      <local>
        <FormatVersion Value="1"/>
        <LaunchingApplication PathPlusParams="/usr/X11R6/bin/xterm -T 'Lazarus Run Output' -e $(LazarusDir)/tools/runwait.sh $(TargetCmdLine)"/>
      </local>
    </RunParams>
    <RequiredPackages Count="4">
      <Item1>
        <PackageName Value="TurboPowerIPro"/>
        <MinVersion Major="1" Valid="True"/>
      </Item1>
      <Item2>
        <PackageName Value="SQLDBLaz"/>
        <MinVersion Major="1" Release="1" Valid="True"/>
      </Item2>
      <Item3>
        <PackageName Value="FCL"/>
        <MinVersion Major="1" Valid="True"/>
      </Item3>
      <Item4>
        <PackageName Value="LCL"/>
      </Item4>
    </RequiredPackages>
    <Units Count="148">
      <Unit0>
        <Filename Value="ksp.lpr"/>
        <IsPartOfProject Value="True"/>
        <UnitName Value="ksp"/>
        <CursorPos X="72" Y="19"/>
        <TopLine Value="1"/>
        <UsageCount Value="201"/>
        <SyntaxHighlighter Value="Delphi"/>
      </Unit0>
      <Unit1>
        <Filename Value="main.pas"/>
        <ComponentName Value="KSPMainWindow"/>
        <IsPartOfProject Value="True"/>
        <ResourceBaseClass Value="Form"/>
        <UnitName Value="main"/>
        <CursorPos X="34" Y="8"/>
        <TopLine Value="1"/>
        <EditorIndex Value="0"/>
        <UsageCount Value="201"/>
        <Bookmarks Count="1">
          <Item0 X="7" Y="2155" ID="1"/>
        </Bookmarks>
        <Loaded Value="True"/>
        <SyntaxHighlighter Value="Delphi"/>
      </Unit1>
      <Unit2>
        <Filename Value="additional/bass/BASSPlayer.pas"/>
        <IsPartOfProject Value="True"/>
        <UnitName Value="BASSPlayer"/>
        <CursorPos X="10" Y="10"/>
        <TopLine Value="1"/>
        <EditorIndex Value="8"/>
        <UsageCount Value="201"/>
        <Loaded Value="True"/>
        <SyntaxHighlighter Value="Delphi"/>
      </Unit2>
      <Unit3>
        <Filename Value="additional/bass/Dynamic_Bass.pas"/>
        <IsPartOfProject Value="True"/>
        <UnitName Value="Dynamic_Bass"/>
        <CursorPos X="29" Y="18"/>
        <TopLine Value="1"/>
        <UsageCount Value="201"/>
        <SyntaxHighlighter Value="Delphi"/>
      </Unit3>
      <Unit4>
        <Filename Value="C:/lazarus/fpc/2.2.2/source/rtl/win/wininc/base.inc"/>
        <CursorPos X="6" Y="269"/>
        <TopLine Value="254"/>
        <UsageCount Value="9"/>
      </Unit4>
      <Unit5>
        <Filename Value="additional/bass/RT_BASSWMA.pas"/>
        <UnitName Value="RT_BASSWMA"/>
        <CursorPos X="1" Y="127"/>
        <TopLine Value="114"/>
        <UsageCount Value="10"/>
        <SyntaxHighlighter Value="Delphi"/>
      </Unit5>
      <Unit6>
        <Filename Value="additional/bass/RT_basscd.pas"/>
        <IsPartOfProject Value="True"/>
        <UnitName Value="RT_basscd"/>
        <CursorPos X="6" Y="14"/>
        <TopLine Value="6"/>
        <EditorIndex Value="1"/>
        <UsageCount Value="200"/>
        <Loaded Value="True"/>
        <SyntaxHighlighter Value="Delphi"/>
      </Unit6>
      <Unit7>
        <Filename Value="additional/atl/OggVorbis.pas"/>
        <IsPartOfProject Value="True"/>
        <UnitName Value="OggVorbis"/>
        <CursorPos X="22" Y="12"/>
        <TopLine Value="1"/>
        <UsageCount Value="200"/>
        <SyntaxHighlighter Value="Delphi"/>
      </Unit7>
      <Unit8>
        <Filename Value="additional/atl/MPEGaudio.pas"/>
        <UnitName Value="MPEGaudio"/>
        <CursorPos X="18" Y="69"/>
        <TopLine Value="65"/>
        <UsageCount Value="200"/>
        <SyntaxHighlighter Value="Delphi"/>
      </Unit8>
      <Unit9>
        <Filename Value="additional/atl/ID3v2.pas"/>
        <IsPartOfProject Value="True"/>
        <UnitName Value="ID3v2"/>
        <CursorPos X="29" Y="531"/>
        <TopLine Value="505"/>
        <UsageCount Value="200"/>
        <SyntaxHighlighter Value="Delphi"/>
      </Unit9>
      <Unit10>
        <Filename Value="additional/atl/APEtag.pas"/>
        <IsPartOfProject Value="True"/>
        <UnitName Value="APETag"/>
        <CursorPos X="1" Y="1"/>
        <TopLine Value="1"/>
        <UsageCount Value="200"/>
        <SyntaxHighlighter Value="Delphi"/>
      </Unit10>
      <Unit11>
        <Filename Value="additional/atl/ID3v1.pas"/>
        <IsPartOfProject Value="True"/>
        <UnitName Value="ID3v1"/>
        <CursorPos X="39" Y="580"/>
        <TopLine Value="565"/>
        <UsageCount Value="200"/>
        <SyntaxHighlighter Value="Delphi"/>
      </Unit11>
      <Unit12>
        <Filename Value="additional/atl/CommonATL.pas"/>
        <IsPartOfProject Value="True"/>
        <UnitName Value="CommonATL"/>
        <CursorPos X="11" Y="215"/>
        <TopLine Value="30"/>
        <UsageCount Value="200"/>
        <SyntaxHighlighter Value="Delphi"/>
      </Unit12>
      <Unit13>
        <Filename Value="C:/lazarus/fpc/2.2.2/source/rtl/win/wininc/redef.inc"/>
        <CursorPos X="16" Y="354"/>
        <TopLine Value="334"/>
        <UsageCount Value="6"/>
      </Unit13>
      <Unit14>
        <Filename Value="additional/atl/WMAfile.pas"/>
        <IsPartOfProject Value="True"/>
        <UnitName Value="WMAfile"/>
        <CursorPos X="42" Y="245"/>
        <TopLine Value="228"/>
        <UsageCount Value="200"/>
        <SyntaxHighlighter Value="Delphi"/>
      </Unit14>
      <Unit15>
        <Filename Value="additional/atl/WAVfile.pas"/>
        <IsPartOfProject Value="True"/>
        <UnitName Value="WAVfile"/>
        <CursorPos X="1" Y="1"/>
        <TopLine Value="1"/>
        <UsageCount Value="200"/>
        <SyntaxHighlighter Value="Delphi"/>
      </Unit15>
      <Unit16>
        <Filename Value="additional/bass/bassenc.pas"/>
        <UnitName Value="BASSenc"/>
        <CursorPos X="1" Y="1"/>
        <TopLine Value="1"/>
        <UsageCount Value="9"/>
        <SyntaxHighlighter Value="Delphi"/>
      </Unit16>
      <Unit17>
        <Filename Value="../pluginctrl.pas"/>
        <UnitName Value="PluginCtrl"/>
        <CursorPos X="11" Y="1043"/>
        <TopLine Value="1025"/>
        <UsageCount Value="125"/>
      </Unit17>
      <Unit18>
        <Filename Value="additional/bass/ioplug.pas"/>
        <IsPartOfProject Value="True"/>
        <UnitName Value="ioplug"/>
        <CursorPos X="28" Y="24"/>
        <TopLine Value="12"/>
        <EditorIndex Value="11"/>
        <UsageCount Value="200"/>
        <Loaded Value="True"/>
        <SyntaxHighlighter Value="Delphi"/>
      </Unit18>
      <Unit19>
        <Filename Value="../../KSP2006/src/umain.pas"/>
        <HasResources Value="True"/>
        <UnitName Value="uMain"/>
        <CursorPos X="44" Y="6787"/>
        <TopLine Value="6770"/>
        <UsageCount Value="5"/>
      </Unit19>
      <Unit20>
        <Filename Value="additional/bass/WMAInfoBox.pas"/>
        <ComponentName Value="WMAInfoForm"/>
        <HasResources Value="True"/>
        <ResourceBaseClass Value="Form"/>
        <UnitName Value="WMAInfoBox"/>
        <CursorPos X="22" Y="92"/>
        <TopLine Value="79"/>
        <UsageCount Value="9"/>
        <SyntaxHighlighter Value="Delphi"/>
      </Unit20>
      <Unit21>
        <Filename Value="additional/bass/MPEGInfoBox.pas"/>
        <ComponentName Value="MPEGFileInfoForm"/>
        <HasResources Value="True"/>
        <ResourceBaseClass Value="Form"/>
        <UnitName Value="MPEGInfoBox"/>
        <CursorPos X="20" Y="28"/>
        <TopLine Value="12"/>
        <UsageCount Value="9"/>
        <SyntaxHighlighter Value="Delphi"/>
      </Unit21>
      <Unit22>
        <Filename Value="additional/bass/OGGInfoBox.pas"/>
        <ComponentName Value="OggVorbisInfoForm"/>
        <HasResources Value="True"/>
        <ResourceBaseClass Value="Form"/>
        <UnitName Value="OGGInfoBox"/>
        <CursorPos X="1" Y="84"/>
        <TopLine Value="72"/>
        <UsageCount Value="9"/>
        <SyntaxHighlighter Value="Delphi"/>
      </Unit22>
      <Unit23>
        <Filename Value="additional/bass/TAGEdit.pas"/>
        <ComponentName Value="TAGEditForm"/>
        <HasResources Value="True"/>
        <ResourceBaseClass Value="Form"/>
        <UnitName Value="TAGEdit"/>
        <CursorPos X="12" Y="41"/>
        <TopLine Value="9"/>
        <UsageCount Value="9"/>
        <SyntaxHighlighter Value="Delphi"/>
      </Unit23>
      <Unit24>
        <Filename Value="itools/playlists.pas"/>
        <IsPartOfProject Value="True"/>
        <UnitName Value="PlayLists"/>
        <CursorPos X="43" Y="6"/>
        <TopLine Value="1"/>
        <UsageCount Value="210"/>
        <SyntaxHighlighter Value="Delphi"/>
      </Unit24>
      <Unit25>
        <Filename Value="additional/spkxmlparser.pas"/>
        <IsPartOfProject Value="True"/>
        <UnitName Value="SpkXMLParser"/>
        <CursorPos X="73" Y="478"/>
        <TopLine Value="478"/>
        <UsageCount Value="210"/>
        <SyntaxHighlighter Value="Delphi"/>
      </Unit25>
      <Unit26>
        <Filename Value="itools/id3mgmnt.pas"/>
        <IsPartOfProject Value="True"/>
        <UnitName Value="ID3Mgmnt"/>
        <CursorPos X="54" Y="235"/>
        <TopLine Value="211"/>
        <UsageCount Value="210"/>
        <SyntaxHighlighter Value="Delphi"/>
      </Unit26>
      <Unit27>
        <Filename Value="itools/filesupport.pas"/>
        <IsPartOfProject Value="True"/>
        <UnitName Value="FileSupport"/>
        <CursorPos X="21" Y="91"/>
        <TopLine Value="67"/>
        <UsageCount Value="210"/>
        <SyntaxHighlighter Value="Delphi"/>
      </Unit27>
      <Unit28>
        <Filename Value="itools/kspmessages.pas"/>
        <IsPartOfProject Value="True"/>
        <UnitName Value="KSPMessages"/>
        <CursorPos X="6" Y="44"/>
        <TopLine Value="17"/>
        <UsageCount Value="210"/>
        <SyntaxHighlighter Value="Delphi"/>
      </Unit28>
      <Unit29>
        <Filename Value="kspconstsvars.pas"/>
        <IsPartOfProject Value="True"/>
        <UnitName Value="KSPConstsVars"/>
        <CursorPos X="17" Y="105"/>
        <TopLine Value="85"/>
        <EditorIndex Value="4"/>
        <UsageCount Value="209"/>
        <Loaded Value="True"/>
        <SyntaxHighlighter Value="Delphi"/>
      </Unit29>
      <Unit30>
        <Filename Value="itools/filesupportlst.pas"/>
        <IsPartOfProject Value="True"/>
        <UnitName Value="FileSupportLst"/>
        <CursorPos X="9" Y="42"/>
        <TopLine Value="24"/>
        <UsageCount Value="209"/>
        <SyntaxHighlighter Value="Delphi"/>
      </Unit30>
      <Unit31>
        <Filename Value="itools/ksptypes.pas"/>
        <UnitName Value="KSPTypes"/>
        <CursorPos X="10" Y="57"/>
        <TopLine Value="37"/>
        <UsageCount Value="16"/>
        <SyntaxHighlighter Value="Delphi"/>
      </Unit31>
      <Unit32>
        <Filename Value="itools/dlldefs/kspfiles.pas"/>
        <IsPartOfProject Value="True"/>
        <UnitName Value="kspfiles"/>
        <CursorPos X="27" Y="96"/>
        <TopLine Value="64"/>
        <EditorIndex Value="5"/>
        <UsageCount Value="209"/>
        <Loaded Value="True"/>
        <SyntaxHighlighter Value="Delphi"/>
      </Unit32>
      <Unit33>
        <Filename Value="itools/threads/loadplsthread.pas"/>
        <IsPartOfProject Value="True"/>
        <UnitName Value="LoadPlsThread"/>
        <CursorPos X="19" Y="14"/>
        <TopLine Value="44"/>
        <UsageCount Value="207"/>
        <SyntaxHighlighter Value="Delphi"/>
      </Unit33>
      <Unit34>
        <Filename Value="itools/dlldefs/fileutils.pas"/>
        <IsPartOfProject Value="True"/>
        <UnitName Value="FileUtils"/>
        <CursorPos X="46" Y="15"/>
        <TopLine Value="1"/>
        <UsageCount Value="206"/>
        <SyntaxHighlighter Value="Delphi"/>
      </Unit34>
      <Unit35>
        <Filename Value="itools/mrng.pas"/>
        <IsPartOfProject Value="True"/>
        <UnitName Value="MRNG"/>
        <CursorPos X="18" Y="114"/>
        <TopLine Value="101"/>
        <UsageCount Value="205"/>
        <SyntaxHighlighter Value="Delphi"/>
      </Unit35>
      <Unit36>
        <Filename Value="additional/bass/APEtag.pas"/>
        <UnitName Value="APETag"/>
        <CursorPos X="55" Y="59"/>
        <TopLine Value="44"/>
        <UsageCount Value="9"/>
        <SyntaxHighlighter Value="Delphi"/>
      </Unit36>
      <Unit37>
        <Filename Value="C:/lazarus/lcl/include/wincontrol.inc"/>
        <CursorPos X="38" Y="5402"/>
        <TopLine Value="5391"/>
        <UsageCount Value="6"/>
      </Unit37>
      <Unit38>
        <Filename Value="C:/lazarus/fpc/2.2.2/source/rtl/win64/classes.pp"/>
        <UnitName Value="Classes"/>
        <CursorPos X="5" Y="56"/>
        <TopLine Value="48"/>
        <UsageCount Value="9"/>
      </Unit38>
      <Unit39>
        <Filename Value="additional/bass/bassplayer2.pas"/>
        <UnitName Value="BassPlayer2"/>
        <CursorPos X="46" Y="8"/>
        <TopLine Value="32"/>
        <UsageCount Value="1"/>
        <SyntaxHighlighter Value="Delphi"/>
      </Unit39>
      <Unit40>
        <Filename Value="C:/lazarus/lcl/lmessages.pp"/>
        <UnitName Value="LMessages"/>
        <CursorPos X="19" Y="757"/>
        <TopLine Value="743"/>
        <UsageCount Value="9"/>
      </Unit40>
      <Unit41>
        <Filename Value="C:/lazarus/fpc/2.2.2/source/rtl/win/wininc/messages.inc"/>
        <CursorPos X="5" Y="1173"/>
        <TopLine Value="1162"/>
        <UsageCount Value="9"/>
      </Unit41>
      <Unit42>
        <Filename Value="itools/platformdep/profilefunc.pas"/>
        <IsPartOfProject Value="True"/>
        <UnitName Value="profilefunc"/>
        <CursorPos X="36" Y="34"/>
        <TopLine Value="19"/>
        <UsageCount Value="200"/>
        <SyntaxHighlighter Value="Delphi"/>
      </Unit42>
      <Unit43>
        <Filename Value="C:/lazarus/components/printers/unix/cupsdyn.pp"/>
        <UnitName Value="cupsdyn"/>
        <CursorPos X="13" Y="60"/>
        <TopLine Value="42"/>
        <UsageCount Value="9"/>
      </Unit43>
      <Unit44>
        <Filename Value="C:/lazarus/fpc/2.2.2/source/packages/ibase/src/ibase60.inc"/>
        <CursorPos X="46" Y="2466"/>
        <TopLine Value="2452"/>
        <UsageCount Value="9"/>
      </Unit44>
      <Unit45>
        <Filename Value="C:/lazarus/fpc/2.2.2/source/rtl/objpas/sysutils/osutilsh.inc"/>
        <CursorPos X="20" Y="40"/>
        <TopLine Value="26"/>
        <UsageCount Value="10"/>
      </Unit45>
      <Unit46>
        <Filename Value="../../KSP2006/src/additional/devices/1.0.0.43/Source/Other/MxBase.pas"/>
        <UnitName Value="MxBase"/>
        <CursorPos X="19" Y="446"/>
        <TopLine Value="440"/>
        <UsageCount Value="10"/>
      </Unit46>
      <Unit47>
        <Filename Value="C:/lazarus/lcl/controls.pp"/>
        <UnitName Value="Controls"/>
        <CursorPos X="20" Y="1787"/>
        <TopLine Value="1773"/>
        <UsageCount Value="3"/>
      </Unit47>
      <Unit48>
        <Filename Value="C:/lazarus/lcl/include/control.inc"/>
        <CursorPos X="3" Y="2658"/>
        <TopLine Value="2653"/>
        <UsageCount Value="9"/>
      </Unit48>
      <Unit49>
        <Filename Value="C:/lazarus/lcl/graphics.pp"/>
        <UnitName Value="Graphics"/>
        <CursorPos X="19" Y="1104"/>
        <TopLine Value="1090"/>
        <UsageCount Value="1"/>
      </Unit49>
      <Unit50>
        <Filename Value="C:/lazarus/lcl/include/canvas.inc"/>
        <CursorPos X="3" Y="1166"/>
        <TopLine Value="1156"/>
        <UsageCount Value="1"/>
      </Unit50>
      <Unit51>
        <Filename Value="itools/kspstrings.pas"/>
        <IsPartOfProject Value="True"/>
        <UnitName Value="KSPStrings"/>
        <CursorPos X="45" Y="83"/>
        <TopLine Value="64"/>
        <EditorIndex Value="12"/>
        <UsageCount Value="201"/>
        <Loaded Value="True"/>
        <SyntaxHighlighter Value="Delphi"/>
      </Unit51>
      <Unit52>
        <Filename Value="C:/lazarus/fpc/2.2.2/source/packages/sqlite/src/sqlite.pp"/>
        <UnitName Value="sqlite"/>
        <CursorPos X="1" Y="1"/>
        <TopLine Value="123"/>
        <UsageCount Value="6"/>
      </Unit52>
      <Unit53>
        <Filename Value="itools/sqlite/sqlite3ds.pas"/>
        <UnitName Value="sqlite3ds"/>
        <CursorPos X="5" Y="141"/>
        <TopLine Value="130"/>
        <UsageCount Value="22"/>
        <SyntaxHighlighter Value="Delphi"/>
      </Unit53>
      <Unit54>
        <Filename Value="itools/sqlite/customsqliteds.pas"/>
        <UnitName Value="customsqliteds"/>
        <CursorPos X="17" Y="181"/>
        <TopLine Value="165"/>
        <UsageCount Value="22"/>
        <SyntaxHighlighter Value="Delphi"/>
      </Unit54>
      <Unit55>
        <Filename Value="itools/medialib/MediaItems.pas"/>
        <IsPartOfProject Value="True"/>
        <UnitName Value="MediaItems"/>
        <CursorPos X="73" Y="463"/>
        <TopLine Value="431"/>
        <UsageCount Value="206"/>
        <SyntaxHighlighter Value="Delphi"/>
      </Unit55>
      <Unit56>
        <Filename Value="itools/medialib/MediaItemsInfo.pas"/>
        <IsPartOfProject Value="True"/>
        <UnitName Value="MediaItemsInfo"/>
        <CursorPos X="1" Y="1"/>
        <TopLine Value="1"/>
        <UsageCount Value="202"/>
        <SyntaxHighlighter Value="Delphi"/>
      </Unit56>
      <Unit57>
        <Filename Value="itools/KSPCrossList.pas"/>
        <IsPartOfProject Value="True"/>
        <UnitName Value="KSPCrossList"/>
        <CursorPos X="1" Y="1"/>
        <TopLine Value="7"/>
        <UsageCount Value="202"/>
        <SyntaxHighlighter Value="Delphi"/>
      </Unit57>
      <Unit58>
        <Filename Value="C:/lazarus/components/sqlite/registersqlite3.pas"/>
        <UnitName Value="registersqlite3"/>
        <CursorPos X="24" Y="22"/>
        <TopLine Value="6"/>
        <UsageCount Value="2"/>
      </Unit58>
      <Unit59>
        <Filename Value="itools/threads/AddToDatabaseThreadU.pas"/>
        <UnitName Value="AddToDatabaseThreadU"/>
        <CursorPos X="24" Y="3"/>
        <TopLine Value="1"/>
        <UsageCount Value="34"/>
        <SyntaxHighlighter Value="Delphi"/>
      </Unit59>
      <Unit60>
        <Filename Value="itools/KSPStartup.pas"/>
        <IsPartOfProject Value="True"/>
        <UnitName Value="KSPStartup"/>
        <CursorPos X="17" Y="17"/>
        <TopLine Value="14"/>
        <UsageCount Value="202"/>
        <SyntaxHighlighter Value="Delphi"/>
      </Unit60>
      <Unit61>
        <Filename Value="itools/threads/MainWindowStartupThreads.pas"/>
        <IsPartOfProject Value="True"/>
        <UnitName Value="MainWindowStartupThreads"/>
        <CursorPos X="1" Y="10"/>
        <TopLine Value="9"/>
        <UsageCount Value="202"/>
        <SyntaxHighlighter Value="Delphi"/>
      </Unit61>
      <Unit62>
        <Filename Value="itools/medialib/MediaFolders.pas"/>
        <IsPartOfProject Value="True"/>
        <UnitName Value="MediaFolders"/>
        <CursorPos X="36" Y="144"/>
        <TopLine Value="125"/>
        <EditorIndex Value="6"/>
        <UsageCount Value="202"/>
        <Loaded Value="True"/>
        <SyntaxHighlighter Value="Delphi"/>
      </Unit62>
      <Unit63>
        <Filename Value="itools/threads/FoldersScan.pas"/>
        <IsPartOfProject Value="True"/>
        <UnitName Value="FoldersScan"/>
        <CursorPos X="19" Y="64"/>
        <TopLine Value="59"/>
        <UsageCount Value="202"/>
        <SyntaxHighlighter Value="Delphi"/>
      </Unit63>
      <Unit64>
        <Filename Value="itools/threads/startupthread.pas"/>
        <IsPartOfProject Value="True"/>
        <UnitName Value="StartupThread"/>
        <CursorPos X="42" Y="10"/>
        <TopLine Value="14"/>
        <UsageCount Value="201"/>
        <SyntaxHighlighter Value="Delphi"/>
      </Unit64>
      <Unit65>
        <Filename Value="itools/bookmarksu.pas"/>
        <IsPartOfProject Value="True"/>
        <UnitName Value="BookmarksU"/>
        <CursorPos X="13" Y="17"/>
        <TopLine Value="12"/>
        <UsageCount Value="200"/>
        <SyntaxHighlighter Value="Delphi"/>
      </Unit65>
      <Unit66>
        <Filename Value="itools/presetsu.pas"/>
        <IsPartOfProject Value="True"/>
        <UnitName Value="PresetsU"/>
        <CursorPos X="34" Y="16"/>
        <TopLine Value="1"/>
        <UsageCount Value="200"/>
        <SyntaxHighlighter Value="Delphi"/>
      </Unit66>
      <Unit67>
        <Filename Value="itools/app_db_utils.pas"/>
        <IsPartOfProject Value="True"/>
        <UnitName Value="app_db_utils"/>
        <CursorPos X="11" Y="432"/>
        <TopLine Value="415"/>
        <UsageCount Value="200"/>
        <SyntaxHighlighter Value="Delphi"/>
      </Unit67>
      <Unit68>
        <Filename Value="itools/app_sql.pas"/>
        <IsPartOfProject Value="True"/>
        <UnitName Value="app_sql"/>
        <CursorPos X="37" Y="67"/>
        <TopLine Value="43"/>
        <UsageCount Value="200"/>
        <SyntaxHighlighter Value="Delphi"/>
      </Unit68>
      <Unit69>
        <Filename Value="C:/lazarus/lcl/include/application.inc"/>
        <CursorPos X="1" Y="360"/>
        <TopLine Value="340"/>
        <UsageCount Value="17"/>
      </Unit69>
      <Unit70>
        <Filename Value="DOCS/TODO.TXT"/>
        <IsPartOfProject Value="True"/>
        <CursorPos X="1" Y="6"/>
        <TopLine Value="1"/>
        <UsageCount Value="202"/>
        <SyntaxHighlighter Value="None"/>
      </Unit70>
      <Unit71>
        <Filename Value="additional/bass/CommonATL.pas"/>
        <UnitName Value="CommonATL"/>
        <CursorPos X="7" Y="214"/>
        <TopLine Value="192"/>
        <UsageCount Value="2"/>
        <SyntaxHighlighter Value="Delphi"/>
      </Unit71>
      <Unit72>
        <Filename Value="additional/bass/OggVorbis.pas"/>
        <UnitName Value="OggVorbis"/>
        <CursorPos X="41" Y="674"/>
        <TopLine Value="665"/>
        <UsageCount Value="2"/>
        <SyntaxHighlighter Value="Delphi"/>
      </Unit72>
      <Unit73>
        <Filename Value="additional/bass/MPEGAudio.pas"/>
        <UnitName Value="MPEGaudio"/>
        <CursorPos X="30" Y="583"/>
        <TopLine Value="564"/>
        <UsageCount Value="15"/>
        <SyntaxHighlighter Value="Delphi"/>
      </Unit73>
      <Unit74>
        <Filename Value="C:/lazarus/lcl/checklst.pas"/>
        <UnitName Value="CheckLst"/>
        <CursorPos X="43" Y="76"/>
        <TopLine Value="61"/>
        <UsageCount Value="9"/>
      </Unit74>
      <Unit75>
        <Filename Value="C:/lazarus/lcl/extctrls.pp"/>
        <UnitName Value="ExtCtrls"/>
        <CursorPos X="15" Y="1142"/>
        <TopLine Value="1131"/>
        <UsageCount Value="6"/>
      </Unit75>
      <Unit76>
        <Filename Value="C:/lazarus/lcl/include/customtrayicon.inc"/>
        <CursorPos X="3" Y="92"/>
        <TopLine Value="80"/>
        <UsageCount Value="6"/>
      </Unit76>
      <Unit77>
        <Filename Value="C:/lazarus/lcl/forms.pp"/>
        <UnitName Value="Forms"/>
        <CursorPos X="40" Y="371"/>
        <TopLine Value="360"/>
        <UsageCount Value="6"/>
      </Unit77>
      <Unit78>
        <Filename Value="additional/multilog/multilog.pas"/>
        <IsPartOfProject Value="True"/>
        <UnitName Value="MultiLog"/>
        <CursorPos X="1" Y="1063"/>
        <TopLine Value="1061"/>
        <EditorIndex Value="7"/>
        <UsageCount Value="195"/>
        <Bookmarks Count="1">
          <Item0 X="38" Y="1063" ID="0"/>
        </Bookmarks>
        <Loaded Value="True"/>
        <SyntaxHighlighter Value="Delphi"/>
      </Unit78>
      <Unit79>
        <Filename Value="additional/multilog/filechannel.pas"/>
        <UnitName Value="filechannel"/>
        <CursorPos X="20" Y="139"/>
        <TopLine Value="133"/>
        <UsageCount Value="10"/>
        <SyntaxHighlighter Value="Delphi"/>
      </Unit79>
      <Unit80>
        <Filename Value="additional/bass/bass_aac.pas"/>
        <UnitName Value="BASS_AAC"/>
        <CursorPos X="6" Y="5"/>
        <TopLine Value="1"/>
        <UsageCount Value="10"/>
        <SyntaxHighlighter Value="Delphi"/>
      </Unit80>
      <Unit81>
        <Filename Value="C:/lazarus/components/sqldb/registersqldb.pas"/>
        <UnitName Value="registersqldb"/>
        <CursorPos X="22" Y="41"/>
        <TopLine Value="21"/>
        <UsageCount Value="2"/>
      </Unit81>
      <Unit82>
        <Filename Value="LICENSE.txt"/>
        <IsPartOfProject Value="True"/>
        <CursorPos X="32" Y="10"/>
        <TopLine Value="1"/>
        <UsageCount Value="188"/>
        <SyntaxHighlighter Value="None"/>
      </Unit82>
      <Unit83>
        <Filename Value="itools/addforms/optionsfrm.pas"/>
        <ComponentName Value="ProgramOptions"/>
        <HasResources Value="True"/>
        <ResourceBaseClass Value="Form"/>
        <UnitName Value="OptionsFrm"/>
        <CursorPos X="1" Y="100"/>
        <TopLine Value="64"/>
        <UsageCount Value="9"/>
        <SyntaxHighlighter Value="Delphi"/>
      </Unit83>
      <Unit84>
        <Filename Value="C:/Users/root/Documents/Lazarus/Firma/src/main.pas"/>
        <ComponentName Value="MainForm"/>
        <HasResources Value="True"/>
        <ResourceBaseClass Value="Form"/>
        <UnitName Value="main"/>
        <CursorPos X="9" Y="250"/>
        <TopLine Value="238"/>
        <UsageCount Value="6"/>
      </Unit84>
      <Unit85>
        <Filename Value="itools/addforms/optionsfrm2.pas"/>
        <ComponentName Value="KSPOptions"/>
        <IsPartOfProject Value="True"/>
        <ResourceBaseClass Value="Form"/>
        <UnitName Value="OptionsFrm2"/>
        <CursorPos X="58" Y="35"/>
        <TopLine Value="22"/>
        <UsageCount Value="183"/>
        <SyntaxHighlighter Value="Delphi"/>
      </Unit85>
      <Unit86>
        <Filename Value="C:/lazarus/fpc/2.2.2/source/packages/fcl-process/src/process.pp"/>
        <UnitName Value="process"/>
        <CursorPos X="19" Y="97"/>
        <TopLine Value="77"/>
        <UsageCount Value="9"/>
      </Unit86>
      <Unit87>
        <Filename Value="C:/lazarus/fpc/2.2.2/source/packages/fcl-process/src/win/process.inc"/>
        <CursorPos X="20" Y="188"/>
        <TopLine Value="176"/>
        <UsageCount Value="9"/>
      </Unit87>
      <Unit88>
        <Filename Value="C:/lazarus32/fpc/2.2.2/source/packages/sqlite/src/sqlite3.inc"/>
        <CursorPos X="13" Y="296"/>
        <TopLine Value="286"/>
        <UsageCount Value="9"/>
      </Unit88>
      <Unit89>
        <Filename Value="C:/lazarus32/fpc/2.2.2/source/packages/fcl-db/src/sqldb/sqlite/sqlite3conn.pp"/>
        <UnitName Value="sqlite3conn"/>
        <CursorPos X="3" Y="37"/>
        <TopLine Value="19"/>
        <UsageCount Value="10"/>
      </Unit89>
      <Unit90>
        <Filename Value="C:/lazarus32/fpc/2.2.2/source/packages/fcl-db/src/sqldb/sqldb.pp"/>
        <UnitName Value="sqldb"/>
        <CursorPos X="6" Y="27"/>
        <TopLine Value="9"/>
        <UsageCount Value="10"/>
      </Unit90>
      <Unit91>
        <Filename Value="C:/lazarus32/lcl/interfaces/win32/win32listsl.inc"/>
        <CursorPos X="1" Y="495"/>
        <TopLine Value="477"/>
        <UsageCount Value="9"/>
      </Unit91>
      <Unit92>
        <Filename Value="itools/addforms/splash.pas"/>
        <ComponentName Value="SplashForm"/>
        <IsPartOfProject Value="True"/>
        <ResourceBaseClass Value="Form"/>
        <UnitName Value="splash"/>
        <CursorPos X="11" Y="15"/>
        <TopLine Value="1"/>
        <UsageCount Value="163"/>
        <SyntaxHighlighter Value="Delphi"/>
      </Unit92>
      <Unit93>
        <Filename Value="C:/lazarus32/lcl/dialogs.pp"/>
        <UnitName Value="Dialogs"/>
        <CursorPos X="10" Y="506"/>
        <TopLine Value="486"/>
        <UsageCount Value="5"/>
      </Unit93>
      <Unit94>
        <Filename Value="C:/lazarus32/fpc/2.2.2/source/rtl/objpas/sysutils/finah.inc"/>
        <CursorPos X="16" Y="26"/>
        <TopLine Value="3"/>
        <UsageCount Value="9"/>
      </Unit94>
      <Unit95>
        <Filename Value="C:/lazarus32/fpc/2.2.2/source/rtl/objpas/sysutils/fina.inc"/>
        <CursorPos X="1" Y="94"/>
        <TopLine Value="89"/>
        <UsageCount Value="9"/>
      </Unit95>
      <Unit96>
        <Filename Value="C:/lazarus32/fpc/2.2.2/source/rtl/objpas/classes/classesh.inc"/>
        <CursorPos X="14" Y="272"/>
        <TopLine Value="253"/>
        <UsageCount Value="9"/>
      </Unit96>
      <Unit97>
        <Filename Value="itools/threads/complib.pas"/>
        <IsPartOfProject Value="True"/>
        <UnitName Value="complib"/>
        <CursorPos X="148" Y="4"/>
        <TopLine Value="1"/>
        <UsageCount Value="152"/>
        <SyntaxHighlighter Value="Delphi"/>
      </Unit97>
      <Unit98>
        <Filename Value="C:/lazarus32/fpc/2.2.2/source/rtl/win/wininc/ascdef.inc"/>
        <CursorPos X="10" Y="186"/>
        <TopLine Value="167"/>
        <UsageCount Value="10"/>
      </Unit98>
      <Unit99>
        <Filename Value="C:/lazarus32/fpc/2.2.2/source/rtl/inc/threadh.inc"/>
        <CursorPos X="36" Y="155"/>
        <TopLine Value="123"/>
        <UsageCount Value="1"/>
      </Unit99>
      <Unit100>
        <Filename Value="C:/lazarus32/lcl/lclproc.pas"/>
        <UnitName Value="LCLProc"/>
        <CursorPos X="1" Y="2750"/>
        <TopLine Value="2730"/>
        <UsageCount Value="1"/>
      </Unit100>
      <Unit101>
        <Filename Value="C:/lazarus32/lcl/fileutil.pas"/>
        <UnitName Value="FileUtil"/>
        <CursorPos X="20" Y="191"/>
        <TopLine Value="171"/>
        <UsageCount Value="1"/>
      </Unit101>
      <Unit102>
        <Filename Value="C:/lazarus32/lcl/include/fileutil.inc"/>
        <CursorPos X="10" Y="77"/>
        <TopLine Value="57"/>
        <UsageCount Value="1"/>
      </Unit102>
      <Unit103>
        <Filename Value="additional/multilog/kspthreadutils.pas"/>
        <IsPartOfProject Value="True"/>
        <UnitName Value="KSPThreadUtils"/>
        <CursorPos X="1" Y="124"/>
        <TopLine Value="111"/>
        <UsageCount Value="144"/>
        <SyntaxHighlighter Value="Delphi"/>
      </Unit103>
      <Unit104>
        <Filename Value="C:/lazarus32/fpc/2.2.2/source/rtl/objpas/objpas.pp"/>
        <UnitName Value="objpas"/>
        <CursorPos X="8" Y="26"/>
        <TopLine Value="6"/>
        <UsageCount Value="1"/>
      </Unit104>
      <Unit105>
        <Filename Value="C:/lazarus32/fpc/2.2.2/source/rtl/objpas/sysutils/datih.inc"/>
        <CursorPos X="20" Y="130"/>
        <TopLine Value="110"/>
        <UsageCount Value="10"/>
      </Unit105>
      <Unit106>
        <Filename Value="C:/lazarus32/fpc/2.2.2/source/rtl/objpas/sysutils/dati.inc"/>
        <CursorPos X="3" Y="731"/>
        <TopLine Value="705"/>
        <UsageCount Value="10"/>
      </Unit106>
      <Unit107>
        <Filename Value="C:/lazarus32/lcl/interfaces/qt/qt4.pas"/>
        <UnitName Value="qt4"/>
        <CursorPos X="16" Y="7"/>
        <TopLine Value="1"/>
        <UsageCount Value="1"/>
      </Unit107>
      <Unit108>
        <Filename Value="C:/lazarus32/lcl/interfaces/qt/qtdefines.inc"/>
        <CursorPos X="1" Y="1"/>
        <TopLine Value="1"/>
        <UsageCount Value="2"/>
      </Unit108>
      <Unit109>
        <Filename Value="../qt44.pas"/>
        <UnitName Value="qt44"/>
        <CursorPos X="20" Y="11952"/>
        <TopLine Value="11949"/>
        <UsageCount Value="1"/>
      </Unit109>
      <Unit110>
        <Filename Value="C:/lazarus32/lcl/interfaces/qt/qtwidgets.pas"/>
        <UnitName Value="qtwidgets"/>
        <CursorPos X="30" Y="225"/>
        <TopLine Value="209"/>
        <UsageCount Value="6"/>
      </Unit110>
      <Unit111>
        <Filename Value="additional/qt4custom.pas"/>
        <UnitName Value="qt4custom"/>
        <CursorPos X="1" Y="13478"/>
        <TopLine Value="13446"/>
        <UsageCount Value="12"/>
        <Bookmarks Count="1">
          <Item0 X="8" Y="13368" ID="0"/>
        </Bookmarks>
        <SyntaxHighlighter Value="Delphi"/>
      </Unit111>
      <Unit112>
        <Filename Value="C:/lazarus32/lcl/forms.pp"/>
        <UnitName Value="Forms"/>
        <CursorPos X="23" Y="1095"/>
        <TopLine Value="1080"/>
        <UsageCount Value="4"/>
      </Unit112>
      <Unit113>
        <Filename Value="C:/lazarus32/lcl/interfaces/qt/qt44.pas"/>
        <UnitName Value="qt44"/>
        <CursorPos X="10" Y="993"/>
        <TopLine Value="986"/>
        <UsageCount Value="20"/>
      </Unit113>
      <Unit114>
        <Filename Value="C:/lazarus32/lcl/interfaces/qt/qtcaret.pas"/>
        <UnitName Value="QtCaret"/>
        <CursorPos X="18" Y="51"/>
        <TopLine Value="35"/>
        <UsageCount Value="1"/>
      </Unit114>
      <Unit115>
        <Filename Value="C:/lazarus32/fpc/2.2.2/source/rtl/inc/systemh.inc"/>
        <CursorPos X="3" Y="285"/>
        <TopLine Value="269"/>
        <UsageCount Value="3"/>
      </Unit115>
      <Unit116>
        <Filename Value="C:/lazarus32/lcl/include/customform.inc"/>
        <CursorPos X="1" Y="2203"/>
        <TopLine Value="2183"/>
        <UsageCount Value="4"/>
      </Unit116>
      <Unit117>
        <Filename Value="C:/lazarus32/fpc/2.2.2/source/rtl/objpas/sysutils/syspchh.inc"/>
        <CursorPos X="31" Y="30"/>
        <TopLine Value="11"/>
        <UsageCount Value="3"/>
      </Unit117>
      <Unit118>
        <Filename Value="C:/lazarus32/fpc/2.2.2/source/rtl/inc/varianth.inc"/>
        <CursorPos X="10" Y="457"/>
        <TopLine Value="437"/>
        <UsageCount Value="2"/>
      </Unit118>
      <Unit119>
        <Filename Value="C:/lazarus32/fpc/2.2.2/source/rtl/objpas/types.pp"/>
        <UnitName Value="types"/>
        <CursorPos X="3" Y="94"/>
        <TopLine Value="74"/>
        <UsageCount Value="5"/>
      </Unit119>
      <Unit120>
        <Filename Value="C:/lazarus32/lcl/include/application.inc"/>
        <CursorPos X="1" Y="1867"/>
        <TopLine Value="1847"/>
        <UsageCount Value="4"/>
      </Unit120>
      <Unit121>
        <Filename Value="C:/lazarus32/lcl/interfacebase.pp"/>
        <UnitName Value="InterfaceBase"/>
        <CursorPos X="18" Y="91"/>
        <TopLine Value="73"/>
        <UsageCount Value="4"/>
      </Unit121>
      <Unit122>
        <Filename Value="C:/lazarus32/lcl/interfaces/qt/qtobject.inc"/>
        <CursorPos X="1" Y="141"/>
        <TopLine Value="121"/>
        <UsageCount Value="4"/>
      </Unit122>
      <Unit123>
        <Filename Value="C:/lazarus32/lcl/interfaces/qt/qtobjects.pas"/>
        <UnitName Value="qtobjects"/>
        <CursorPos X="1" Y="2381"/>
        <TopLine Value="2361"/>
        <UsageCount Value="4"/>
      </Unit123>
      <Unit124>
        <Filename Value="C:/lazarus/lcl/include/menuitem.inc"/>
        <CursorPos X="51" Y="67"/>
        <TopLine Value="56"/>
        <UsageCount Value="4"/>
      </Unit124>
      <Unit125>
        <Filename Value="C:/lazarus/fpc/2.2.2/source/rtl/win/wininc/defines.inc"/>
        <CursorPos X="6" Y="2627"/>
        <TopLine Value="2608"/>
        <UsageCount Value="5"/>
      </Unit125>
      <Unit126>
        <Filename Value="C:/lazarus/fpc/2.2.2/source/rtl/win/wininc/func.inc"/>
        <CursorPos X="28" Y="126"/>
        <TopLine Value="115"/>
        <UsageCount Value="5"/>
      </Unit126>
      <Unit127>
        <Filename Value="dlls/files/FileUtils.pas"/>
        <UnitName Value="FileUtils"/>
        <CursorPos X="7" Y="72"/>
        <TopLine Value="43"/>
        <UsageCount Value="5"/>
      </Unit127>
      <Unit128>
        <Filename Value="C:/lazarus/lcl/interfaces/qt/qt4.pas"/>
        <UnitName Value="qt4"/>
        <CursorPos X="30" Y="12270"/>
        <TopLine Value="12251"/>
        <UsageCount Value="29"/>
      </Unit128>
      <Unit129>
        <Filename Value="../not.h"/>
        <CursorPos X="1" Y="1"/>
        <TopLine Value="1"/>
        <UsageCount Value="11"/>
        <SyntaxHighlighter Value="C++"/>
      </Unit129>
      <Unit130>
        <Filename Value=""/>
        <UsageCount Value="8"/>
        <SyntaxHighlighter Value="None"/>
      </Unit130>
      <Unit131>
        <Filename Value="additional/bass/RT_bassmix.pas"/>
        <UnitName Value="RT_bassmix"/>
        <CursorPos X="9" Y="99"/>
        <TopLine Value="66"/>
        <EditorIndex Value="3"/>
        <UsageCount Value="13"/>
        <Loaded Value="True"/>
        <SyntaxHighlighter Value="Delphi"/>
      </Unit131>
      <Unit132>
        <Filename Value="C:/lazarus/lcl/dialogs.pp"/>
        <UnitName Value="Dialogs"/>
        <CursorPos X="10" Y="506"/>
        <TopLine Value="487"/>
        <UsageCount Value="8"/>
      </Unit132>
      <Unit133>
        <Filename Value="C:/lazarus/fpc/2.2.2/source/rtl/inc/wstringh.inc"/>
        <CursorPos X="20" Y="86"/>
        <TopLine Value="70"/>
        <UsageCount Value="8"/>
      </Unit133>
      <Unit134>
        <Filename Value="C:/lazarus/fpc/2.2.2/source/rtl/inc/wustrings.inc"/>
        <CursorPos X="50" Y="1795"/>
        <TopLine Value="1786"/>
        <UsageCount Value="8"/>
      </Unit134>
      <Unit135>
        <Filename Value="C:/lazarus/fpc/2.2.2/source/rtl/inc/systemh.inc"/>
        <CursorPos X="3" Y="211"/>
        <TopLine Value="197"/>
        <UsageCount Value="8"/>
      </Unit135>
      <Unit136>
        <Filename Value="additional/bass/TntCollection.pas"/>
        <UnitName Value="TntCollection"/>
        <CursorPos X="34" Y="13"/>
        <TopLine Value="16"/>
        <UsageCount Value="10"/>
        <SyntaxHighlighter Value="Delphi"/>
      </Unit136>
      <Unit137>
        <Filename Value="additional/bass/Delphi_Ver.inc"/>
        <CursorPos X="36" Y="6"/>
        <TopLine Value="1"/>
        <UsageCount Value="8"/>
        <SyntaxHighlighter Value="Delphi"/>
      </Unit137>
      <Unit138>
        <Filename Value="additional/bass/ID3v2.pas"/>
        <UnitName Value="ID3v2"/>
        <CursorPos X="32" Y="410"/>
        <TopLine Value="1"/>
        <UsageCount Value="10"/>
        <SyntaxHighlighter Value="Delphi"/>
      </Unit138>
      <Unit139>
        <Filename Value="additional/bass/AACfile.pas"/>
        <UnitName Value="AACfile"/>
        <CursorPos X="32" Y="56"/>
        <TopLine Value="295"/>
        <UsageCount Value="9"/>
        <SyntaxHighlighter Value="Delphi"/>
      </Unit139>
      <Unit140>
        <Filename Value="C:/lazarus/fpc/2.2.2/source/rtl/objpas/classes/classesh.inc"/>
        <CursorPos X="16" Y="542"/>
        <TopLine Value="469"/>
        <UsageCount Value="9"/>
      </Unit140>
      <Unit141>
        <Filename Value="C:/lazarus/fpc/2.2.2/bin/i386-win32/windres.h"/>
        <CursorPos X="10" Y="2557"/>
        <TopLine Value="2541"/>
        <UsageCount Value="10"/>
        <SyntaxHighlighter Value="C++"/>
      </Unit141>
      <Unit142>
        <Filename Value="C:/lazarus/fpc/2.2.2/source/packages/winceunits/src/shellapi.pp"/>
        <UnitName Value="shellapi"/>
        <CursorPos X="45" Y="72"/>
        <TopLine Value="64"/>
        <UsageCount Value="10"/>
      </Unit142>
      <Unit143>
        <Filename Value="C:/lazarus/fpc/2.2.2/source/packages/winunits-base/src/shlobj.pp"/>
        <UnitName Value="shlobj"/>
        <CursorPos X="40" Y="2051"/>
        <TopLine Value="2036"/>
        <UsageCount Value="10"/>
      </Unit143>
      <Unit144>
        <Filename Value="itools/addforms/support.pas"/>
        <ComponentName Value="SupportForm"/>
        <IsPartOfProject Value="True"/>
        <ResourceBaseClass Value="Form"/>
        <UnitName Value="Support"/>
        <CursorPos X="37" Y="33"/>
        <TopLine Value="12"/>
        <UsageCount Value="31"/>
        <SyntaxHighlighter Value="Delphi"/>
      </Unit144>
      <Unit145>
        <Filename Value="additional/bass/RT_bassmidi.pas"/>
        <UnitName Value="RT_bassmidi"/>
        <CursorPos X="1" Y="165"/>
        <TopLine Value="139"/>
        <EditorIndex Value="2"/>
        <UsageCount Value="10"/>
        <Loaded Value="True"/>
        <SyntaxHighlighter Value="Delphi"/>
      </Unit145>
      <Unit146>
        <Filename Value="additional/bass/ID3v1.pas"/>
        <UnitName Value="ID3v1"/>
        <CursorPos X="32" Y="46"/>
        <TopLine Value="14"/>
        <EditorIndex Value="9"/>
        <UsageCount Value="10"/>
        <Loaded Value="True"/>
        <SyntaxHighlighter Value="Delphi"/>
      </Unit146>
      <Unit147>
        <Filename Value="additional/bass/UniCodeUtils.pas"/>
        <UnitName Value="UniCodeUtils"/>
        <CursorPos X="1" Y="16"/>
        <TopLine Value="1"/>
        <EditorIndex Value="10"/>
        <UsageCount Value="10"/>
        <Loaded Value="True"/>
        <SyntaxHighlighter Value="Delphi"/>
      </Unit147>
    </Units>
    <JumpHistory Count="25" HistoryIndex="24">
      <Position1>
        <Filename Value="main.pas"/>
        <Caret Line="1751" Column="6" TopLine="1748"/>
      </Position1>
      <Position2>
        <Filename Value="main.pas"/>
        <Caret Line="173" Column="48" TopLine="172"/>
      </Position2>
      <Position3>
        <Filename Value="main.pas"/>
        <Caret Line="2564" Column="24" TopLine="2546"/>
      </Position3>
      <Position4>
        <Filename Value="main.pas"/>
        <Caret Line="464" Column="31" TopLine="443"/>
      </Position4>
      <Position5>
        <Filename Value="main.pas"/>
        <Caret Line="463" Column="32" TopLine="443"/>
      </Position5>
      <Position6>
        <Filename Value="main.pas"/>
        <Caret Line="2608" Column="44" TopLine="2592"/>
      </Position6>
      <Position7>
        <Filename Value="main.pas"/>
        <Caret Line="9" Column="30" TopLine="1"/>
      </Position7>
      <Position8>
        <Filename Value="additional/bass/BASSPlayer.pas"/>
        <Caret Line="426" Column="15" TopLine="411"/>
      </Position8>
      <Position9>
        <Filename Value="additional/bass/RT_basscd.pas"/>
        <Caret Line="10" Column="15" TopLine="1"/>
      </Position9>
      <Position10>
        <Filename Value="additional/bass/RT_basscd.pas"/>
        <Caret Line="14" Column="53" TopLine="1"/>
      </Position10>
      <Position11>
        <Filename Value="additional/bass/RT_bassmidi.pas"/>
        <Caret Line="1" Column="1" TopLine="1"/>
      </Position11>
      <Position12>
        <Filename Value="additional/bass/RT_bassmidi.pas"/>
        <Caret Line="24" Column="31" TopLine="1"/>
      </Position12>
      <Position13>
        <Filename Value="additional/bass/RT_bassmidi.pas"/>
        <Caret Line="157" Column="28" TopLine="139"/>
      </Position13>
      <Position14>
        <Filename Value="additional/bass/RT_bassmix.pas"/>
        <Caret Line="77" Column="11" TopLine="22"/>
      </Position14>
      <Position15>
        <Filename Value="additional/bass/ioplug.pas"/>
        <Caret Line="63" Column="12" TopLine="62"/>
      </Position15>
      <Position16>
        <Filename Value="additional/bass/ioplug.pas"/>
        <Caret Line="51" Column="30" TopLine="38"/>
      </Position16>
      <Position17>
        <Filename Value="additional/bass/ioplug.pas"/>
        <Caret Line="59" Column="15" TopLine="55"/>
      </Position17>
      <Position18>
        <Filename Value="additional/bass/ioplug.pas"/>
        <Caret Line="80" Column="10" TopLine="56"/>
      </Position18>
      <Position19>
        <Filename Value="additional/bass/ioplug.pas"/>
        <Caret Line="82" Column="12" TopLine="74"/>
      </Position19>
      <Position20>
        <Filename Value="additional/bass/ioplug.pas"/>
        <Caret Line="84" Column="1" TopLine="78"/>
      </Position20>
      <Position21>
        <Filename Value="additional/bass/ioplug.pas"/>
        <Caret Line="92" Column="13" TopLine="76"/>
      </Position21>
      <Position22>
        <Filename Value="additional/bass/ioplug.pas"/>
        <Caret Line="99" Column="1" TopLine="75"/>
      </Position22>
      <Position23>
        <Filename Value="additional/bass/ioplug.pas"/>
        <Caret Line="67" Column="21" TopLine="41"/>
      </Position23>
      <Position24>
        <Filename Value="additional/bass/ID3v1.pas"/>
        <Caret Line="1" Column="1" TopLine="1"/>
      </Position24>
      <Position25>
        <Filename Value="additional/bass/UniCodeUtils.pas"/>
        <Caret Line="1" Column="1" TopLine="1"/>
      </Position25>
    </JumpHistory>
  </ProjectOptions>
  <CompilerOptions>
    <Version Value="8"/>
    <Target>
      <Filename Value="../bin/ksp.exe"/>
    </Target>
    <SearchPaths>
      <IncludeFiles Value="$(ProjOutDir)/"/>
      <OtherUnitFiles Value="additional/bass/;additional/atl/;itools/;additional/;itools/dlldefs/;itools/threads/;itools/platformdep/;itools/medialib/;itools/sqlite/;additional/multilog/;itools/addforms/"/>
      <UnitOutputDirectory Value="../dcu"/>
      <LCLWidgetType Value="qt"/>
    </SearchPaths>
    <Parsing>
      <Style Value="1"/>
      <SyntaxOptions>
        <SyntaxMode Value="Delphi"/>
        <CStyleOperator Value="False"/>
      </SyntaxOptions>
    </Parsing>
    <CodeGeneration>
      <SmartLinkUnit Value="True"/>
      <SmallerCode Value="True"/>
      <Optimizations>
        <UncertainOptimizations Value="True"/>
      </Optimizations>
    </CodeGeneration>
    <Linking>
      <Debugging>
        <GenerateDebugInfo Value="True"/>
        <UseHeaptrc Value="True"/>
        <UseValgrind Value="True"/>
        <UseExternalDbgSyms Value="True"/>
      </Debugging>
      <LinkSmart Value="True"/>
      <Options>
        <Win32>
          <GraphicApplication Value="True"/>
        </Win32>
      </Options>
    </Linking>
    <Other>
      <Verbosity>
        <ShowSummary Value="True"/>
      </Verbosity>
      <CustomOptions Value="-dVER185
-uDEBUG -dRELEASE
-dKSP64
-dLOAD_DYNAMICALLY
-dWINX86KSP
-dKSPDEBUG
-dUSEQT
-dUSE_QT_44
"/>
      <CompilerPath Value="$(CompPath)"/>
    </Other>
  </CompilerOptions>
  <Debugging>
    <BreakPoints Count="5">
      <Item1>
        <Source Value="C:/lazarus32/lcl/include/application.inc"/>
        <Line Value="360"/>
      </Item1>
      <Item2>
        <Source Value="main.pas"/>
        <Line Value="2488"/>
      </Item2>
      <Item3>
        <Source Value="main.pas"/>
        <Line Value="1867"/>
      </Item3>
      <Item4>
        <Source Value="main.pas"/>
        <Line Value="482"/>
      </Item4>
      <Item5>
        <Source Value="main.pas"/>
        <Line Value="915"/>
      </Item5>
    </BreakPoints>
    <Exceptions Count="3">
      <Item1>
        <Name Value="EAbort"/>
      </Item1>
      <Item2>
        <Name Value="ECodetoolError"/>
      </Item2>
      <Item3>
        <Name Value="EFOpenError"/>
      </Item3>
    </Exceptions>
  </Debugging>
</CONFIG>
>>>>>>> .r32
