<?xml version="1.0"?>
<CONFIG>
  <ProjectOptions>
    <Version Value="7"/>
    <General>
      <MainUnit Value="0"/>
      <AutoCreateForms Value="False"/>
      <TargetFileExt Value=".exe"/>
      <Icon Value="0"/>
      <UseXPManifest Value="True"/>
      <ActiveEditorIndexAtStart Value="0"/>
    </General>
    <i18n>
      <EnableI18N Value="True"/>
      <OutDir Value="po"/>
    </i18n>
    <VersionInfo>
      <UseVersionInfo Value="True"/>
      <CurrentMajorRevNr Value="3"/>
      <CurrentMinorRevNr Value="1"/>
      <ProjectVersion Value="0.0.1.0"/>
    </VersionInfo>
    <PublishOptions>
      <Version Value="2"/>
      <IgnoreBinaries Value="False"/>
      <IncludeFileFilter Value="*.(pas|pp|inc|lfm|lpr|lrs|lpi|lpk|sh|xml)"/>
      <ExcludeFileFilter Value="*.(bak|ppu|ppw|o|so);*~;backup"/>
    </PublishOptions>
    <RunParams>
      <local>
        <FormatVersion Value="1"/>
        <LaunchingApplication PathPlusParams="/usr/X11R6/bin/xterm -T 'Lazarus Run Output' -e $(LazarusDir)/tools/runwait.sh $(TargetCmdLine)"/>
      </local>
    </RunParams>
    <RequiredPackages Count="4">
      <Item1>
        <PackageName Value="TurboPowerIPro"/>
        <MinVersion Major="1" Valid="True"/>
      </Item1>
      <Item2>
        <PackageName Value="SQLDBLaz"/>
        <MinVersion Major="1" Release="1" Valid="True"/>
      </Item2>
      <Item3>
        <PackageName Value="FCL"/>
        <MinVersion Major="1" Valid="True"/>
      </Item3>
      <Item4>
        <PackageName Value="LCL"/>
      </Item4>
    </RequiredPackages>
    <Units Count="165">
      <Unit0>
        <Filename Value="ksp.lpr"/>
        <IsPartOfProject Value="True"/>
        <UnitName Value="ksp"/>
        <CursorPos X="57" Y="15"/>
        <TopLine Value="1"/>
        <UsageCount Value="201"/>
        <SyntaxHighlighter Value="Delphi"/>
      </Unit0>
      <Unit1>
        <Filename Value="main.pas"/>
        <IsPartOfProject Value="True"/>
        <ComponentName Value="KSPMainWindow"/>
        <ResourceBaseClass Value="Form"/>
        <UnitName Value="main"/>
        <CursorPos X="29" Y="2437"/>
        <TopLine Value="2420"/>
        <UsageCount Value="201"/>
        <Bookmarks Count="2">
          <Item0 X="15" Y="1535" ID="0"/>
          <Item1 X="35" Y="1131" ID="1"/>
        </Bookmarks>
        <SyntaxHighlighter Value="Delphi"/>
      </Unit1>
      <Unit2>
        <Filename Value="additional/bass/BASSPlayer.pas"/>
        <IsPartOfProject Value="True"/>
        <UnitName Value="BASSPlayer"/>
        <CursorPos X="32" Y="1559"/>
        <TopLine Value="1521"/>
        <UsageCount Value="201"/>
        <SyntaxHighlighter Value="Delphi"/>
      </Unit2>
      <Unit3>
        <Filename Value="../dynamic_bass.pas"/>
        <IsPartOfProject Value="True"/>
        <UnitName Value="Dynamic_Bass"/>
        <CursorPos X="36" Y="13"/>
        <TopLine Value="892"/>
        <UsageCount Value="201"/>
        <SyntaxHighlighter Value="Delphi"/>
      </Unit3>
      <Unit4>
        <Filename Value="additional/bass/RT_BASSWMA.pas"/>
        <UnitName Value="RT_BASSWMA"/>
        <CursorPos X="29" Y="118"/>
        <TopLine Value="101"/>
        <UsageCount Value="1"/>
        <SyntaxHighlighter Value="Delphi"/>
      </Unit4>
      <Unit5>
        <Filename Value="additional/bass/RT_basscd.pas"/>
        <IsPartOfProject Value="True"/>
        <UnitName Value="RT_basscd"/>
        <CursorPos X="1" Y="134"/>
        <TopLine Value="116"/>
        <UsageCount Value="200"/>
        <SyntaxHighlighter Value="Delphi"/>
      </Unit5>
      <Unit6>
        <Filename Value="additional/atl/OggVorbis.pas"/>
        <UnitName Value="OggVorbis"/>
        <CursorPos X="22" Y="12"/>
        <TopLine Value="1"/>
        <UsageCount Value="181"/>
      </Unit6>
      <Unit7>
        <Filename Value="additional/atl/MPEGaudio.pas"/>
        <UnitName Value="MPEGaudio"/>
        <CursorPos X="18" Y="69"/>
        <TopLine Value="65"/>
        <UsageCount Value="179"/>
      </Unit7>
      <Unit8>
        <Filename Value="additional/atl/ID3v2.pas"/>
        <UnitName Value="ID3v2"/>
        <CursorPos X="29" Y="531"/>
        <TopLine Value="505"/>
        <UsageCount Value="181"/>
      </Unit8>
      <Unit9>
        <Filename Value="additional/atl/APEtag.pas"/>
        <UnitName Value="APETag"/>
        <CursorPos X="1" Y="1"/>
        <TopLine Value="1"/>
        <UsageCount Value="181"/>
      </Unit9>
      <Unit10>
        <Filename Value="additional/atl/ID3v1.pas"/>
        <UnitName Value="ID3v1"/>
        <CursorPos X="39" Y="580"/>
        <TopLine Value="565"/>
        <UsageCount Value="181"/>
      </Unit10>
      <Unit11>
        <Filename Value="additional/atl/CommonATL.pas"/>
        <UnitName Value="CommonATL"/>
        <CursorPos X="11" Y="215"/>
        <TopLine Value="30"/>
        <UsageCount Value="181"/>
      </Unit11>
      <Unit12>
        <Filename Value="C:/lazarus/fpc/2.2.2/source/rtl/win/wininc/redef.inc"/>
        <CursorPos X="16" Y="354"/>
        <TopLine Value="334"/>
        <UsageCount Value="5"/>
      </Unit12>
      <Unit13>
        <Filename Value="additional/atl/WMAfile.pas"/>
        <UnitName Value="WMAfile"/>
        <CursorPos X="42" Y="245"/>
        <TopLine Value="228"/>
        <UsageCount Value="181"/>
      </Unit13>
      <Unit14>
        <Filename Value="additional/atl/WAVfile.pas"/>
        <UnitName Value="WAVfile"/>
        <CursorPos X="1" Y="1"/>
        <TopLine Value="1"/>
        <UsageCount Value="181"/>
      </Unit14>
      <Unit15>
        <Filename Value="../pluginctrl.pas"/>
        <UnitName Value="PluginCtrl"/>
        <CursorPos X="11" Y="1043"/>
        <TopLine Value="1025"/>
        <UsageCount Value="104"/>
        <SyntaxHighlighter Value="Delphi"/>
      </Unit15>
      <Unit16>
        <Filename Value="additional/bass/ioplug.pas"/>
        <UnitName Value="ioplug"/>
        <CursorPos X="28" Y="24"/>
        <TopLine Value="12"/>
        <UsageCount Value="181"/>
        <SyntaxHighlighter Value="Delphi"/>
      </Unit16>
      <Unit17>
        <Filename Value="additional/bass/mpeginfobox.pas"/>
        <IsPartOfProject Value="True"/>
        <ComponentName Value="MPEGFileInfoForm"/>
        <HasResources Value="True"/>
        <ResourceBaseClass Value="Form"/>
        <UnitName Value="MPEGInfoBox"/>
        <CursorPos X="1" Y="21"/>
        <TopLine Value="1"/>
        <UsageCount Value="202"/>
        <SyntaxHighlighter Value="Delphi"/>
      </Unit17>
      <Unit18>
        <Filename Value="additional/bass/TAGEdit.pas"/>
        <ComponentName Value="TAGEditForm"/>
        <HasResources Value="True"/>
        <ResourceBaseClass Value="Form"/>
        <UnitName Value="TAGEdit"/>
        <CursorPos X="1" Y="40"/>
        <TopLine Value="4"/>
        <UsageCount Value="5"/>
        <SyntaxHighlighter Value="Delphi"/>
      </Unit18>
      <Unit19>
        <Filename Value="itools/playlists.pas"/>
        <IsPartOfProject Value="True"/>
        <UnitName Value="PlayLists"/>
        <CursorPos X="62" Y="66"/>
        <TopLine Value="48"/>
        <UsageCount Value="210"/>
        <SyntaxHighlighter Value="Delphi"/>
      </Unit19>
      <Unit20>
        <Filename Value="additional/spkxmlparser.pas"/>
        <IsPartOfProject Value="True"/>
        <UnitName Value="SpkXMLParser"/>
        <CursorPos X="39" Y="762"/>
        <TopLine Value="740"/>
        <UsageCount Value="210"/>
        <SyntaxHighlighter Value="Delphi"/>
      </Unit20>
      <Unit21>
        <Filename Value="itools/id3mgmnt.pas"/>
        <IsPartOfProject Value="True"/>
        <UnitName Value="ID3Mgmnt"/>
        <CursorPos X="13" Y="49"/>
        <TopLine Value="31"/>
        <UsageCount Value="210"/>
        <SyntaxHighlighter Value="Delphi"/>
      </Unit21>
      <Unit22>
        <Filename Value="itools/filesupport.pas"/>
        <IsPartOfProject Value="True"/>
        <UnitName Value="FileSupport"/>
        <CursorPos X="25" Y="87"/>
        <TopLine Value="77"/>
        <UsageCount Value="210"/>
        <SyntaxHighlighter Value="Delphi"/>
      </Unit22>
      <Unit23>
        <Filename Value="itools/kspmessages.pas"/>
        <IsPartOfProject Value="True"/>
        <UnitName Value="KSPMessages"/>
        <CursorPos X="34" Y="16"/>
        <TopLine Value="1"/>
        <UsageCount Value="210"/>
        <SyntaxHighlighter Value="Delphi"/>
      </Unit23>
      <Unit24>
        <Filename Value="kspconstsvars.pas"/>
        <IsPartOfProject Value="True"/>
        <UnitName Value="KSPConstsVars"/>
        <CursorPos X="1" Y="108"/>
        <TopLine Value="96"/>
        <UsageCount Value="209"/>
        <SyntaxHighlighter Value="Delphi"/>
      </Unit24>
      <Unit25>
        <Filename Value="itools/filesupportlst.pas"/>
        <IsPartOfProject Value="True"/>
        <UnitName Value="FileSupportLst"/>
        <CursorPos X="38" Y="7"/>
        <TopLine Value="1"/>
        <UsageCount Value="209"/>
        <SyntaxHighlighter Value="Delphi"/>
      </Unit25>
      <Unit26>
        <Filename Value="itools/ksptypes.pas"/>
        <UnitName Value="KSPTypes"/>
        <CursorPos X="1" Y="43"/>
        <TopLine Value="28"/>
        <UsageCount Value="4"/>
        <SyntaxHighlighter Value="Delphi"/>
      </Unit26>
      <Unit27>
        <Filename Value="itools/dlldefs/kspfiles.pas"/>
        <IsPartOfProject Value="True"/>
        <UnitName Value="kspfiles"/>
        <CursorPos X="47" Y="37"/>
        <TopLine Value="1"/>
        <EditorIndex Value="2"/>
        <UsageCount Value="209"/>
        <Loaded Value="True"/>
        <SyntaxHighlighter Value="Delphi"/>
      </Unit27>
      <Unit28>
        <Filename Value="itools/threads/loadplsthread.pas"/>
        <IsPartOfProject Value="True"/>
        <UnitName Value="LoadPlsThread"/>
        <CursorPos X="24" Y="72"/>
        <TopLine Value="39"/>
        <UsageCount Value="207"/>
        <SyntaxHighlighter Value="Delphi"/>
      </Unit28>
      <Unit29>
        <Filename Value="itools/dlldefs/fileutils.pas"/>
        <IsPartOfProject Value="True"/>
        <UnitName Value="FileUtils"/>
        <CursorPos X="46" Y="15"/>
        <TopLine Value="1"/>
        <UsageCount Value="206"/>
        <SyntaxHighlighter Value="Delphi"/>
      </Unit29>
      <Unit30>
        <Filename Value="itools/mrng.pas"/>
        <IsPartOfProject Value="True"/>
        <UnitName Value="MRNG"/>
        <CursorPos X="29" Y="15"/>
        <TopLine Value="1"/>
        <UsageCount Value="205"/>
        <SyntaxHighlighter Value="Delphi"/>
      </Unit30>
      <Unit31>
        <Filename Value="additional/bass/apetag.pas"/>
        <IsPartOfProject Value="True"/>
        <UnitName Value="APETag"/>
        <CursorPos X="1" Y="304"/>
        <TopLine Value="286"/>
        <UsageCount Value="201"/>
        <SyntaxHighlighter Value="Delphi"/>
      </Unit31>
      <Unit32>
        <Filename Value="itools/platformdep/profilefunc.pas"/>
        <IsPartOfProject Value="True"/>
        <UnitName Value="profilefunc"/>
        <CursorPos X="1" Y="45"/>
        <TopLine Value="43"/>
        <EditorIndex Value="3"/>
        <UsageCount Value="200"/>
        <Loaded Value="True"/>
        <SyntaxHighlighter Value="Delphi"/>
      </Unit32>
      <Unit33>
        <Filename Value="itools/kspstrings.pas"/>
        <IsPartOfProject Value="True"/>
        <UnitName Value="KSPStrings"/>
        <CursorPos X="40" Y="102"/>
        <TopLine Value="100"/>
        <UsageCount Value="201"/>
        <SyntaxHighlighter Value="Delphi"/>
      </Unit33>
      <Unit34>
        <Filename Value="C:/lazarus/fpc/2.2.2/source/packages/sqlite/src/sqlite.pp"/>
        <UnitName Value="sqlite"/>
        <CursorPos X="1" Y="1"/>
        <TopLine Value="123"/>
        <UsageCount Value="5"/>
      </Unit34>
      <Unit35>
        <Filename Value="itools/sqlite/sqlite3ds.pas"/>
        <UnitName Value="sqlite3ds"/>
        <CursorPos X="5" Y="141"/>
        <TopLine Value="130"/>
        <UsageCount Value="1"/>
      </Unit35>
      <Unit36>
        <Filename Value="itools/sqlite/customsqliteds.pas"/>
        <UnitName Value="customsqliteds"/>
        <CursorPos X="17" Y="181"/>
        <TopLine Value="165"/>
        <UsageCount Value="1"/>
      </Unit36>
      <Unit37>
        <Filename Value="itools/medialib/MediaItems.pas"/>
        <IsPartOfProject Value="True"/>
        <UnitName Value="MediaItems"/>
        <CursorPos X="60" Y="11"/>
        <TopLine Value="1"/>
        <UsageCount Value="206"/>
        <Bookmarks Count="1">
          <Item0 X="1" Y="461" ID="0"/>
        </Bookmarks>
        <SyntaxHighlighter Value="Delphi"/>
      </Unit37>
      <Unit38>
        <Filename Value="itools/medialib/MediaItemsInfo.pas"/>
        <IsPartOfProject Value="True"/>
        <UnitName Value="MediaItemsInfo"/>
        <CursorPos X="1" Y="1"/>
        <TopLine Value="1"/>
        <UsageCount Value="202"/>
        <SyntaxHighlighter Value="Delphi"/>
      </Unit38>
      <Unit39>
        <Filename Value="itools/KSPCrossList.pas"/>
        <IsPartOfProject Value="True"/>
        <UnitName Value="KSPCrossList"/>
        <CursorPos X="1" Y="1"/>
        <TopLine Value="7"/>
        <UsageCount Value="202"/>
        <SyntaxHighlighter Value="Delphi"/>
      </Unit39>
      <Unit40>
        <Filename Value="itools/threads/AddToDatabaseThreadU.pas"/>
        <UnitName Value="AddToDatabaseThreadU"/>
        <CursorPos X="24" Y="3"/>
        <TopLine Value="1"/>
        <UsageCount Value="13"/>
        <SyntaxHighlighter Value="Delphi"/>
      </Unit40>
      <Unit41>
        <Filename Value="itools/KSPStartup.pas"/>
        <IsPartOfProject Value="True"/>
        <UnitName Value="KSPStartup"/>
        <CursorPos X="46" Y="91"/>
        <TopLine Value="73"/>
        <UsageCount Value="202"/>
        <SyntaxHighlighter Value="Delphi"/>
      </Unit41>
      <Unit42>
        <Filename Value="itools/threads/MainWindowStartupThreads.pas"/>
        <IsPartOfProject Value="True"/>
        <UnitName Value="MainWindowStartupThreads"/>
        <CursorPos X="50" Y="6"/>
        <TopLine Value="1"/>
        <UsageCount Value="202"/>
        <SyntaxHighlighter Value="Delphi"/>
      </Unit42>
      <Unit43>
        <Filename Value="itools/medialib/MediaFolders.pas"/>
        <IsPartOfProject Value="True"/>
        <UnitName Value="MediaFolders"/>
        <CursorPos X="25" Y="5"/>
        <TopLine Value="1"/>
        <UsageCount Value="202"/>
        <SyntaxHighlighter Value="Delphi"/>
      </Unit43>
      <Unit44>
        <Filename Value="itools/threads/FoldersScan.pas"/>
        <IsPartOfProject Value="True"/>
        <UnitName Value="FoldersScan"/>
        <CursorPos X="57" Y="66"/>
        <TopLine Value="53"/>
        <UsageCount Value="202"/>
        <SyntaxHighlighter Value="Delphi"/>
      </Unit44>
      <Unit45>
        <Filename Value="itools/threads/startupthread.pas"/>
        <IsPartOfProject Value="True"/>
        <UnitName Value="StartupThread"/>
        <CursorPos X="53" Y="13"/>
        <TopLine Value="8"/>
        <UsageCount Value="201"/>
        <SyntaxHighlighter Value="Delphi"/>
      </Unit45>
      <Unit46>
        <Filename Value="itools/bookmarksu.pas"/>
        <IsPartOfProject Value="True"/>
        <UnitName Value="BookmarksU"/>
        <CursorPos X="61" Y="101"/>
        <TopLine Value="90"/>
        <UsageCount Value="200"/>
        <SyntaxHighlighter Value="Delphi"/>
      </Unit46>
      <Unit47>
        <Filename Value="itools/presetsu.pas"/>
        <IsPartOfProject Value="True"/>
        <UnitName Value="PresetsU"/>
        <CursorPos X="5" Y="91"/>
        <TopLine Value="91"/>
        <UsageCount Value="200"/>
        <SyntaxHighlighter Value="Delphi"/>
      </Unit47>
      <Unit48>
        <Filename Value="itools/app_db_utils.pas"/>
        <IsPartOfProject Value="True"/>
        <UnitName Value="app_db_utils"/>
        <CursorPos X="36" Y="505"/>
        <TopLine Value="495"/>
        <UsageCount Value="200"/>
        <SyntaxHighlighter Value="Delphi"/>
      </Unit48>
      <Unit49>
        <Filename Value="itools/app_sql.pas"/>
        <IsPartOfProject Value="True"/>
        <UnitName Value="app_sql"/>
        <CursorPos X="5" Y="37"/>
        <TopLine Value="27"/>
        <UsageCount Value="200"/>
        <SyntaxHighlighter Value="Delphi"/>
      </Unit49>
      <Unit50>
        <Filename Value="DOCS/TODO.TXT"/>
        <IsPartOfProject Value="True"/>
        <CursorPos X="40" Y="28"/>
        <TopLine Value="1"/>
        <UsageCount Value="202"/>
        <SyntaxHighlighter Value="None"/>
      </Unit50>
      <Unit51>
        <Filename Value="additional/bass/oggvorbis.pas"/>
        <IsPartOfProject Value="True"/>
        <UnitName Value="OggVorbis"/>
        <CursorPos X="1" Y="81"/>
        <TopLine Value="57"/>
        <UsageCount Value="201"/>
        <SyntaxHighlighter Value="Delphi"/>
      </Unit51>
      <Unit52>
        <Filename Value="additional/bass/mpegaudio.pas"/>
        <IsPartOfProject Value="True"/>
        <UnitName Value="MPEGaudio"/>
        <CursorPos X="1" Y="73"/>
        <TopLine Value="49"/>
        <UsageCount Value="205"/>
        <SyntaxHighlighter Value="Delphi"/>
      </Unit52>
      <Unit53>
        <Filename Value="C:/lazarus/lcl/include/customtrayicon.inc"/>
        <CursorPos X="3" Y="92"/>
        <TopLine Value="80"/>
        <UsageCount Value="5"/>
      </Unit53>
      <Unit54>
        <Filename Value="C:/lazarus/lcl/forms.pp"/>
        <UnitName Value="Forms"/>
        <CursorPos X="23" Y="809"/>
        <TopLine Value="789"/>
        <UsageCount Value="10"/>
      </Unit54>
      <Unit55>
        <Filename Value="additional/multilog/multilog.pas"/>
        <IsPartOfProject Value="True"/>
        <UnitName Value="MultiLog"/>
        <CursorPos X="19" Y="67"/>
        <TopLine Value="63"/>
        <EditorIndex Value="1"/>
        <UsageCount Value="200"/>
        <Loaded Value="True"/>
        <SyntaxHighlighter Value="Delphi"/>
      </Unit55>
      <Unit56>
        <Filename Value="additional/multilog/filechannel.pas"/>
        <UnitName Value="filechannel"/>
        <CursorPos X="1" Y="58"/>
        <TopLine Value="44"/>
        <UsageCount Value="10"/>
        <SyntaxHighlighter Value="Delphi"/>
      </Unit56>
      <Unit57>
        <Filename Value="LICENSE.txt"/>
        <IsPartOfProject Value="True"/>
        <CursorPos X="32" Y="10"/>
        <TopLine Value="1"/>
        <UsageCount Value="200"/>
        <SyntaxHighlighter Value="None"/>
      </Unit57>
      <Unit58>
        <Filename Value="C:/Users/root/Documents/Lazarus/Firma/src/main.pas"/>
        <ComponentName Value="MainForm"/>
        <HasResources Value="True"/>
        <ResourceBaseClass Value="Form"/>
        <UnitName Value="main"/>
        <CursorPos X="9" Y="250"/>
        <TopLine Value="238"/>
        <UsageCount Value="5"/>
      </Unit58>
      <Unit59>
        <Filename Value="itools/addforms/optionsfrm2.pas"/>
        <ComponentName Value="KSPOptions"/>
        <ResourceBaseClass Value="Form"/>
        <UnitName Value="OptionsFrm2"/>
        <CursorPos X="58" Y="35"/>
        <TopLine Value="22"/>
        <UsageCount Value="192"/>
        <SyntaxHighlighter Value="Delphi"/>
      </Unit59>
      <Unit60>
        <Filename Value="itools/addforms/splash.pas"/>
        <ComponentName Value="SplashForm"/>
        <ResourceBaseClass Value="Form"/>
        <UnitName Value="splash"/>
        <CursorPos X="12" Y="33"/>
        <TopLine Value="1"/>
        <UsageCount Value="196"/>
        <SyntaxHighlighter Value="Delphi"/>
      </Unit60>
      <Unit61>
        <Filename Value="itools/threads/complib.pas"/>
        <IsPartOfProject Value="True"/>
        <UnitName Value="complib"/>
        <CursorPos X="1" Y="1"/>
        <TopLine Value="1"/>
        <UsageCount Value="200"/>
        <SyntaxHighlighter Value="Delphi"/>
      </Unit61>
      <Unit62>
        <Filename Value="additional/multilog/kspthreadutils.pas"/>
        <IsPartOfProject Value="True"/>
        <UnitName Value="KSPThreadUtils"/>
        <CursorPos X="35" Y="121"/>
        <TopLine Value="108"/>
        <UsageCount Value="201"/>
        <SyntaxHighlighter Value="Delphi"/>
      </Unit62>
      <Unit63>
        <Filename Value="C:/lazarus32/lcl/interfaces/qt/qtwidgets.pas"/>
        <UnitName Value="qtwidgets"/>
        <CursorPos X="30" Y="225"/>
        <TopLine Value="209"/>
        <UsageCount Value="5"/>
      </Unit63>
      <Unit64>
        <Filename Value="C:/lazarus/lcl/interfaces/qt/qt4.pas"/>
        <UnitName Value="qt4"/>
        <CursorPos X="19" Y="11958"/>
        <TopLine Value="11925"/>
        <UsageCount Value="16"/>
      </Unit64>
      <Unit65>
        <Filename Value="C:/lazarus/fpc/2.2.2/source/rtl/inc/systemh.inc"/>
        <CursorPos X="20" Y="585"/>
        <TopLine Value="569"/>
        <UsageCount Value="2"/>
      </Unit65>
      <Unit66>
        <Filename Value="ksp_version.inc"/>
        <CursorPos X="1" Y="2"/>
        <TopLine Value="1"/>
        <UsageCount Value="33"/>
        <SyntaxHighlighter Value="Delphi"/>
      </Unit66>
      <Unit67>
        <Filename Value="itools/addforms/support.pas"/>
        <IsPartOfProject Value="True"/>
        <ComponentName Value="SupportForm"/>
        <ResourceBaseClass Value="Form"/>
        <UnitName Value="Support"/>
        <CursorPos X="11" Y="15"/>
        <TopLine Value="2"/>
        <UsageCount Value="200"/>
        <SyntaxHighlighter Value="Delphi"/>
      </Unit67>
      <Unit68>
        <Filename Value="additional/bass/RT_bassmidi.pas"/>
        <UnitName Value="RT_bassmidi"/>
        <CursorPos X="28" Y="158"/>
        <TopLine Value="139"/>
        <UsageCount Value="1"/>
        <SyntaxHighlighter Value="Delphi"/>
      </Unit68>
      <Unit69>
        <Filename Value="additional/bass/wavfile.pas"/>
        <IsPartOfProject Value="True"/>
        <UnitName Value="WAVfile"/>
        <CursorPos X="33" Y="20"/>
        <TopLine Value="54"/>
        <UsageCount Value="201"/>
        <SyntaxHighlighter Value="Delphi"/>
      </Unit69>
      <Unit70>
        <Filename Value="C:/lazarus/lcl/lcltype.pp"/>
        <UnitName Value="LCLType"/>
        <CursorPos X="64" Y="2444"/>
        <TopLine Value="2423"/>
        <UsageCount Value="3"/>
      </Unit70>
      <Unit71>
        <Filename Value="dlls/files/kspdllfileutils.pas"/>
        <IsPartOfProject Value="True"/>
        <UnitName Value="KSPDLLFileUtils"/>
        <CursorPos X="8" Y="10"/>
        <TopLine Value="5"/>
        <UsageCount Value="200"/>
        <SyntaxHighlighter Value="Delphi"/>
      </Unit71>
      <Unit72>
        <Filename Value="../../../../usr/share/fpcsrc/rtl/unix/dl.pp"/>
        <UnitName Value="dl"/>
        <CursorPos X="10" Y="53"/>
        <TopLine Value="29"/>
        <UsageCount Value="2"/>
      </Unit72>
      <Unit73>
        <Filename Value="../../../../usr/share/fpcsrc/rtl/objpas/sysutils/finah.inc"/>
        <CursorPos X="18" Y="32"/>
        <TopLine Value="1"/>
        <UsageCount Value="2"/>
      </Unit73>
      <Unit74>
        <Filename Value="../../../../usr/share/fpcsrc/rtl/objpas/sysutils/fina.inc"/>
        <CursorPos X="3" Y="167"/>
        <TopLine Value="158"/>
        <UsageCount Value="2"/>
      </Unit74>
      <Unit75>
        <Filename Value="../../../../usr/lib64/lazarus/lcl/dirsel.pas"/>
        <ComponentName Value="DirSelDlg"/>
        <HasResources Value="True"/>
        <ResourceBaseClass Value="Form"/>
        <UnitName Value="DirSel"/>
        <CursorPos X="32" Y="87"/>
        <TopLine Value="70"/>
        <UsageCount Value="2"/>
      </Unit75>
      <Unit76>
        <Filename Value="../../../../usr/lib64/lazarus/lcl/forms.pp"/>
        <UnitName Value="Forms"/>
        <CursorPos X="20" Y="1081"/>
        <TopLine Value="1057"/>
        <UsageCount Value="2"/>
      </Unit76>
      <Unit77>
        <Filename Value="../../../../usr/lib64/lazarus/lcl/include/application.inc"/>
        <CursorPos X="3" Y="1883"/>
        <TopLine Value="1879"/>
        <UsageCount Value="2"/>
      </Unit77>
      <Unit78>
        <Filename Value="additional/indy/fpc/examples/httpget/httpget.pas"/>
        <UnitName Value="httpget"/>
        <CursorPos X="17" Y="90"/>
        <TopLine Value="67"/>
        <UsageCount Value="2"/>
      </Unit78>
      <Unit79>
        <Filename Value="additional/indy/fpc/examples/httpget/httpprothandler.pas"/>
        <UnitName Value="httpprothandler"/>
        <CursorPos X="15" Y="56"/>
        <TopLine Value="46"/>
        <UsageCount Value="2"/>
      </Unit79>
      <Unit80>
        <Filename Value="additional/indy/fpc/IdHTTP.pas"/>
        <IsPartOfProject Value="True"/>
        <UnitName Value="IdHTTP"/>
        <CursorPos X="3" Y="1984"/>
        <TopLine Value="1981"/>
        <UsageCount Value="200"/>
        <SyntaxHighlighter Value="Delphi"/>
      </Unit80>
      <Unit81>
        <Filename Value="additional/indy/fpc/IdBaseComponent.pas"/>
        <UnitName Value="IdBaseComponent"/>
        <CursorPos X="3" Y="170"/>
        <TopLine Value="168"/>
        <UsageCount Value="2"/>
        <SyntaxHighlighter Value="Delphi"/>
      </Unit81>
      <Unit82>
        <Filename Value="additional/indy/fpc/IdCompilerDefines.inc"/>
        <CursorPos X="17" Y="160"/>
        <TopLine Value="144"/>
        <UsageCount Value="2"/>
        <SyntaxHighlighter Value="Delphi"/>
      </Unit82>
      <Unit83>
        <Filename Value="../../../../usr/lib64/lazarus/lcl/controls.pp"/>
        <UnitName Value="Controls"/>
        <CursorPos X="17" Y="1143"/>
        <TopLine Value="1119"/>
        <UsageCount Value="5"/>
      </Unit83>
      <Unit84>
        <Filename Value="additional/xmpp/uxmpp.pas"/>
        <IsPartOfProject Value="True"/>
        <UnitName Value="uxmpp"/>
        <CursorPos X="30" Y="110"/>
        <TopLine Value="90"/>
        <UsageCount Value="200"/>
        <SyntaxHighlighter Value="Delphi"/>
      </Unit84>
      <Unit85>
        <Filename Value="additional/synapse/blcksock.pas"/>
        <IsPartOfProject Value="True"/>
        <UnitName Value="blcksock"/>
        <CursorPos X="21" Y="142"/>
        <TopLine Value="124"/>
        <UsageCount Value="201"/>
        <SyntaxHighlighter Value="Delphi"/>
      </Unit85>
      <Unit86>
        <Filename Value="../../../../usr/share/fpcsrc/packages/fcl-xml/src/dom.pp"/>
        <UnitName Value="DOM"/>
        <CursorPos X="33" Y="1232"/>
        <TopLine Value="1227"/>
        <UsageCount Value="5"/>
      </Unit86>
      <Unit87>
        <Filename Value="../../../../usr/share/fpcsrc/rtl/inc/systemh.inc"/>
        <CursorPos X="13" Y="589"/>
        <TopLine Value="566"/>
        <UsageCount Value="5"/>
      </Unit87>
      <Unit88>
        <Filename Value="../../../../usr/share/fpcsrc/rtl/inc/astrings.inc"/>
        <CursorPos X="3" Y="779"/>
        <TopLine Value="774"/>
        <UsageCount Value="5"/>
      </Unit88>
      <Unit89>
        <Filename Value="C:/lazarus/fpc/2.2.2/source/rtl/objpas/sysutils/sysutilh.inc"/>
        <CursorPos X="25" Y="206"/>
        <TopLine Value="186"/>
        <UsageCount Value="5"/>
      </Unit89>
      <Unit90>
        <Filename Value="../../lyrics.sql"/>
        <CursorPos X="40" Y="4"/>
        <TopLine Value="1"/>
        <UsageCount Value="6"/>
        <SyntaxHighlighter Value="SQL"/>
      </Unit90>
      <Unit91>
        <Filename Value="C:/lazarus/fpc/2.2.2/source/packages/fcl-db/src/base/db.pas"/>
        <UnitName Value="db"/>
        <CursorPos X="15" Y="1207"/>
        <TopLine Value="1187"/>
        <UsageCount Value="5"/>
      </Unit91>
      <Unit92>
        <Filename Value="C:/lazarus/fpc/2.2.2/source/packages/fcl-db/src/base/bufdataset.pas"/>
        <UnitName Value="BufDataset"/>
        <CursorPos X="3" Y="138"/>
        <TopLine Value="244"/>
        <UsageCount Value="5"/>
      </Unit92>
      <Unit93>
        <Filename Value="C:/lazarus/fpc/2.2.2/source/packages/fcl-db/src/base/dataset.inc"/>
        <CursorPos X="6" Y="1919"/>
        <TopLine Value="1916"/>
        <UsageCount Value="5"/>
      </Unit93>
      <Unit94>
        <Filename Value="additional/indy/fpc/IdAuthentication.pas"/>
        <UnitName Value="IdAuthentication"/>
        <CursorPos X="1" Y="312"/>
        <TopLine Value="272"/>
        <UsageCount Value="5"/>
        <SyntaxHighlighter Value="Delphi"/>
      </Unit94>
      <Unit95>
        <Filename Value="../lclwebkit/lclwebkit2/main.pas"/>
        <ComponentName Value="MForm"/>
        <HasResources Value="True"/>
        <ResourceBaseClass Value="Form"/>
        <UnitName Value="main"/>
        <CursorPos X="46" Y="37"/>
        <TopLine Value="4"/>
        <UsageCount Value="2"/>
      </Unit95>
      <Unit96>
        <Filename Value="itools/kspwebkit.pas"/>
        <IsPartOfProject Value="True"/>
        <UnitName Value="KSPWebKit"/>
        <CursorPos X="39" Y="109"/>
        <TopLine Value="85"/>
        <UsageCount Value="208"/>
        <SyntaxHighlighter Value="Delphi"/>
      </Unit96>
      <Unit97>
        <Filename Value="C:/lazarus/lcl/interfaces/qt/qtwidgets.pas"/>
        <UnitName Value="qtwidgets"/>
        <CursorPos X="14" Y="243"/>
        <TopLine Value="223"/>
        <UsageCount Value="10"/>
      </Unit97>
      <Unit98>
        <Filename Value="itools/threads/suggfind.pas"/>
        <IsPartOfProject Value="True"/>
        <UnitName Value="suggfind"/>
        <CursorPos X="17" Y="52"/>
        <TopLine Value="42"/>
        <UsageCount Value="204"/>
        <SyntaxHighlighter Value="Delphi"/>
      </Unit98>
      <Unit99>
        <Filename Value="additional/bass/bass.pas"/>
        <UnitName Value="Bass"/>
        <CursorPos X="3" Y="602"/>
        <TopLine Value="582"/>
        <UsageCount Value="38"/>
        <SyntaxHighlighter Value="Delphi"/>
      </Unit99>
      <Unit100>
        <Filename Value="C:/lazarus/fpc/2.2.2/source/packages/lua/src/lua.pas"/>
        <UnitName Value="lua"/>
        <CursorPos X="59" Y="88"/>
        <TopLine Value="68"/>
        <UsageCount Value="8"/>
      </Unit100>
      <Unit101>
        <Filename Value="additional/luaobjects.pas"/>
        <IsPartOfProject Value="True"/>
        <UnitName Value="LuaObjects"/>
        <CursorPos X="14" Y="20"/>
        <TopLine Value="1"/>
        <UsageCount Value="200"/>
        <SyntaxHighlighter Value="Delphi"/>
      </Unit101>
      <Unit102>
        <Filename Value="itools/lua/ksplua.pas"/>
        <IsPartOfProject Value="True"/>
        <UnitName Value="ksplua"/>
        <CursorPos X="46" Y="42"/>
        <TopLine Value="25"/>
        <EditorIndex Value="0"/>
        <UsageCount Value="199"/>
        <Loaded Value="True"/>
        <SyntaxHighlighter Value="Delphi"/>
      </Unit102>
      <Unit103>
        <Filename Value="C:/lazarus/fpc/2.2.2/source/rtl/objpas/sysutils/sysstrh.inc"/>
        <CursorPos X="10" Y="107"/>
        <TopLine Value="87"/>
        <UsageCount Value="9"/>
      </Unit103>
      <Unit104>
        <Filename Value="C:/lazarus/lcl/include/customform.inc"/>
        <CursorPos X="3" Y="2201"/>
        <TopLine Value="2197"/>
        <UsageCount Value="10"/>
      </Unit104>
      <Unit105>
        <Filename Value="C:/lazarus/fpc/2.2.4/source/packages/fcl-db/src/base/db.pas"/>
        <UnitName Value="db"/>
        <CursorPos X="22" Y="1578"/>
        <TopLine Value="1558"/>
        <UsageCount Value="1"/>
      </Unit105>
      <Unit106>
        <Filename Value="C:/lazarus/fpc/2.2.4/source/packages/fcl-db/src/sqldb/sqlite/sqlite3conn.pp"/>
        <UnitName Value="sqlite3conn"/>
        <CursorPos X="39" Y="68"/>
        <TopLine Value="57"/>
        <UsageCount Value="1"/>
      </Unit106>
      <Unit107>
        <Filename Value="C:/lazarus/fpc/2.2.4/source/packages/fcl-db/src/base/database.inc"/>
        <CursorPos X="3" Y="473"/>
        <TopLine Value="471"/>
        <UsageCount Value="1"/>
      </Unit107>
      <Unit108>
        <Filename Value="C:/lazarus/fpc/2.2.4/source/rtl/objpas/classes/classesh.inc"/>
        <CursorPos X="15" Y="259"/>
        <TopLine Value="239"/>
        <UsageCount Value="10"/>
      </Unit108>
      <Unit109>
        <Filename Value="additional/synapse/httpsend.pas"/>
        <UnitName Value="httpsend"/>
        <CursorPos X="16" Y="479"/>
        <TopLine Value="451"/>
        <UsageCount Value="10"/>
        <SyntaxHighlighter Value="Delphi"/>
      </Unit109>
      <Unit110>
        <Filename Value="C:/lazarus/lcl/interfaces/qt/qt45.pas"/>
        <UnitName Value="qt45"/>
        <CursorPos X="10" Y="7225"/>
        <TopLine Value="7205"/>
        <UsageCount Value="10"/>
      </Unit110>
      <Unit111>
        <Filename Value="READ_FIRST.txt"/>
        <CursorPos X="50" Y="32"/>
        <TopLine Value="20"/>
        <UsageCount Value="18"/>
        <SyntaxHighlighter Value="None"/>
      </Unit111>
      <Unit112>
        <Filename Value="C:/lazarus/fpc/2.2.4/source/rtl/objpas/classes/lists.inc"/>
        <CursorPos X="1" Y="572"/>
        <TopLine Value="570"/>
        <UsageCount Value="10"/>
      </Unit112>
      <Unit113>
        <Filename Value="C:/lazarus/fpc/2.2.4/source/rtl/inc/heaph.inc"/>
        <CursorPos X="14" Y="99"/>
        <TopLine Value="66"/>
        <UsageCount Value="10"/>
      </Unit113>
      <Unit114>
        <Filename Value="../../../../usr/share/fpcsrc/rtl/objpas/sysutils/osutilsh.inc"/>
        <CursorPos X="16" Y="40"/>
        <TopLine Value="11"/>
        <UsageCount Value="10"/>
      </Unit114>
      <Unit115>
        <Filename Value="../../../../windows/F/ksp/KSP/src/additional/BASS/Demo/BassTest.pas"/>
        <UnitName Value="BassTest"/>
        <CursorPos X="26" Y="621"/>
        <TopLine Value="588"/>
        <UsageCount Value="1"/>
      </Unit115>
      <Unit116>
        <Filename Value="../../../../windows/F/ksp/KSP/src/additional/BASS/Demo/BassTest.dfm"/>
        <CursorPos X="135" Y="89"/>
        <TopLine Value="70"/>
        <UsageCount Value="1"/>
        <SyntaxHighlighter Value="LFM"/>
      </Unit116>
      <Unit117>
        <Filename Value="../Dynamic_Bass2.pas"/>
        <UnitName Value="Dynamic_Bass"/>
        <CursorPos X="19" Y="616"/>
        <TopLine Value="598"/>
        <UsageCount Value="10"/>
        <SyntaxHighlighter Value="Delphi"/>
      </Unit117>
      <Unit118>
        <Filename Value="../../../../usr/share/fpcsrc/rtl/objpas/sysutils/sysansi.inc"/>
        <CursorPos X="19" Y="24"/>
        <TopLine Value="3"/>
        <UsageCount Value="1"/>
      </Unit118>
      <Unit119>
        <Filename Value="../../../../usr/share/fpcsrc/rtl/unix/sysunixh.inc"/>
        <CursorPos X="3" Y="51"/>
        <TopLine Value="22"/>
        <UsageCount Value="1"/>
      </Unit119>
      <Unit120>
        <Filename Value="../../../../usr/share/fpcsrc/packages/fcl-db/src/base/db.pas"/>
        <UnitName Value="db"/>
        <CursorPos X="15" Y="1276"/>
        <TopLine Value="1258"/>
        <UsageCount Value="4"/>
      </Unit120>
      <Unit121>
        <Filename Value="../../../../usr/share/fpcsrc/packages/fcl-db/src/base/dataset.inc"/>
        <CursorPos X="3" Y="822"/>
        <TopLine Value="808"/>
        <UsageCount Value="2"/>
      </Unit121>
      <Unit122>
        <Filename Value="C:/lazarus/fpc/2.2.4/source/packages/fcl-db/src/sqldb/mysql/mysqlconn.inc"/>
        <CursorPos X="3" Y="928"/>
        <TopLine Value="926"/>
        <UsageCount Value="2"/>
      </Unit122>
      <Unit123>
        <Filename Value="C:/lazarus/fpc/2.2.4/source/packages/fcl-db/src/sqldb/sqldb.pp"/>
        <UnitName Value="sqldb"/>
        <CursorPos X="22" Y="133"/>
        <TopLine Value="104"/>
        <UsageCount Value="4"/>
      </Unit123>
      <Unit124>
        <Filename Value="arch/linux/bassh.inc"/>
        <IsPartOfProject Value="True"/>
        <CursorPos X="77" Y="164"/>
        <TopLine Value="143"/>
        <UsageCount Value="138"/>
      </Unit124>
      <Unit125>
        <Filename Value="arch/windows/bassh.inc"/>
        <CursorPos X="10" Y="176"/>
        <TopLine Value="143"/>
        <UsageCount Value="22"/>
      </Unit125>
      <Unit126>
        <Filename Value="../../../../usr/lib64/lazarus/lcl/interfaces/gtk/gtkcallback.inc"/>
        <CursorPos X="16" Y="2653"/>
        <TopLine Value="2634"/>
        <UsageCount Value="2"/>
      </Unit126>
      <Unit127>
        <Filename Value="../../../../usr/share/fpcsrc/rtl/objpas/sysutils/sysstr.inc"/>
        <CursorPos X="54" Y="132"/>
        <TopLine Value="119"/>
        <UsageCount Value="2"/>
      </Unit127>
      <Unit128>
        <Filename Value="../../../../usr/share/fpcsrc/rtl/linux/sysosh.inc"/>
        <CursorPos X="3" Y="28"/>
        <TopLine Value="3"/>
        <UsageCount Value="2"/>
      </Unit128>
      <Unit129>
        <Filename Value="additional/synapse/ssl_sbb.pas"/>
        <UnitName Value="ssl_sbb"/>
        <CursorPos X="35" Y="66"/>
        <TopLine Value="51"/>
        <UsageCount Value="2"/>
        <SyntaxHighlighter Value="Delphi"/>
      </Unit129>
      <Unit130>
        <Filename Value="../../../../usr/lib64/lazarus/lcl/include/winapih.inc"/>
        <CursorPos X="21" Y="159"/>
        <TopLine Value="141"/>
        <UsageCount Value="2"/>
      </Unit130>
      <Unit131>
        <Filename Value="../../../../usr/lib64/lazarus/lcl/lcltype.pp"/>
        <UnitName Value="LCLType"/>
        <CursorPos X="3" Y="73"/>
        <TopLine Value="55"/>
        <UsageCount Value="2"/>
      </Unit131>
      <Unit132>
        <Filename Value="../../../../usr/lib64/lazarus/lcl/include/winapi.inc"/>
        <CursorPos X="25" Y="592"/>
        <TopLine Value="590"/>
        <UsageCount Value="2"/>
      </Unit132>
      <Unit133>
        <Filename Value="../../../../usr/lib64/lazarus/lcl/interfaces/qt/qtwinapih.inc"/>
        <CursorPos X="20" Y="137"/>
        <TopLine Value="118"/>
        <UsageCount Value="2"/>
      </Unit133>
      <Unit134>
        <Filename Value="C:/lazarus/lcl/stdctrls.pp"/>
        <UnitName Value="StdCtrls"/>
        <CursorPos X="3" Y="249"/>
        <TopLine Value="229"/>
        <UsageCount Value="3"/>
      </Unit134>
      <Unit135>
        <Filename Value="main.lfm"/>
        <CursorPos X="38" Y="5"/>
        <TopLine Value="1"/>
        <UsageCount Value="3"/>
        <SyntaxHighlighter Value="LFM"/>
      </Unit135>
      <Unit136>
        <Filename Value="C:/lazarus/fpc/2.2.4/source/rtl/objpas/sysutils/sysutilh.inc"/>
        <CursorPos X="19" Y="234"/>
        <TopLine Value="214"/>
        <UsageCount Value="4"/>
      </Unit136>
      <Unit137>
        <Filename Value="C:/lazarus/fpc/2.2.4/source/rtl/objpas/sysutils/sysutils.inc"/>
        <CursorPos X="9" Y="119"/>
        <TopLine Value="115"/>
        <UsageCount Value="4"/>
      </Unit137>
      <Unit138>
        <Filename Value="C:/lazarus/fpc/2.2.4/source/rtl/inc/varianth.inc"/>
        <CursorPos X="10" Y="457"/>
        <TopLine Value="437"/>
        <UsageCount Value="4"/>
      </Unit138>
      <Unit139>
        <Filename Value="C:/lazarus/fpc/2.2.4/source/rtl/inc/wstringh.inc"/>
        <CursorPos X="12" Y="24"/>
        <TopLine Value="4"/>
        <UsageCount Value="8"/>
      </Unit139>
      <Unit140>
        <Filename Value="C:/lazarus/fpc/2.2.4/source/rtl/inc/wustrings.inc"/>
        <CursorPos X="10" Y="1267"/>
        <TopLine Value="1256"/>
        <UsageCount Value="8"/>
      </Unit140>
      <Unit141>
        <Filename Value="../../../../../usr/lib64/lazarus/lcl/interfaces/qt/interfaces.pp"/>
        <UnitName Value="interfaces"/>
        <CursorPos X="48" Y="24"/>
        <TopLine Value="10"/>
        <UsageCount Value="6"/>
      </Unit141>
      <Unit142>
        <Filename Value="../../../../../usr/lib64/lazarus/components/turbopower_ipro/iphtml.pas"/>
        <UnitName Value="IpHtml"/>
        <CursorPos X="25" Y="14904"/>
        <TopLine Value="14890"/>
        <UsageCount Value="6"/>
      </Unit142>
      <Unit143>
        <Filename Value="../../../../../usr/lib64/lazarus/lcl/interfaces/qt/qt45.pas"/>
        <UnitName Value="qt45"/>
        <CursorPos X="33" Y="7470"/>
        <TopLine Value="7452"/>
        <UsageCount Value="6"/>
      </Unit143>
      <Unit144>
        <Filename Value="../../../../../windows/F/ksp/KSP2006/src/umain.pas"/>
        <HasResources Value="True"/>
        <UnitName Value="uMain"/>
        <CursorPos X="5" Y="264"/>
        <TopLine Value="246"/>
        <UsageCount Value="7"/>
      </Unit144>
      <Unit145>
        <Filename Value="../../../../../windows/F/ksp/KSP2006/src/itools/MediaLib/MediaItems.pas"/>
        <UnitName Value="MediaItems"/>
        <CursorPos X="24" Y="3284"/>
        <TopLine Value="3274"/>
        <UsageCount Value="7"/>
      </Unit145>
      <Unit146>
        <Filename Value="../../../../../usr/lib64/lazarus/lcl/shellctrls.pas"/>
        <UnitName Value="ShellCtrls"/>
        <CursorPos X="1" Y="1"/>
        <TopLine Value="1"/>
        <UsageCount Value="6"/>
      </Unit146>
      <Unit147>
        <Filename Value="../../../../../usr/share/fpcsrc/packages/lua/src/lua.pas"/>
        <UnitName Value="lua"/>
        <CursorPos X="31" Y="86"/>
        <TopLine Value="193"/>
        <UsageCount Value="10"/>
      </Unit147>
      <Unit148>
        <Filename Value="additional/lua/LuaWrapper.pas"/>
        <UnitName Value="LuaWrapper"/>
        <CursorPos X="10" Y="245"/>
        <TopLine Value="241"/>
        <UsageCount Value="12"/>
        <SyntaxHighlighter Value="Delphi"/>
      </Unit148>
      <Unit149>
        <Filename Value="additional/lua/LuaUtils.pas"/>
        <UnitName Value="LuaUtils"/>
        <CursorPos X="3" Y="641"/>
        <TopLine Value="639"/>
        <UsageCount Value="11"/>
        <SyntaxHighlighter Value="Delphi"/>
      </Unit149>
      <Unit150>
        <Filename Value="../../../../../usr/share/fpcsrc/packages/lua/src/lauxlib.pas"/>
        <UnitName Value="lauxlib"/>
        <CursorPos X="36" Y="170"/>
        <TopLine Value="45"/>
        <UsageCount Value="11"/>
      </Unit150>
      <Unit151>
        <Filename Value="additional/lua/lua.pas"/>
        <UnitName Value="lua"/>
        <CursorPos X="3" Y="890"/>
        <TopLine Value="888"/>
        <UsageCount Value="11"/>
        <SyntaxHighlighter Value="Delphi"/>
      </Unit151>
      <Unit152>
        <Filename Value="../../../LuaTutfpc-1/LuaWrapper.pas"/>
        <UnitName Value="LuaWrapper"/>
        <CursorPos X="9" Y="207"/>
        <TopLine Value="203"/>
        <UsageCount Value="11"/>
      </Unit152>
      <Unit153>
        <Filename Value="../../../../../windows/F/ksp/KSP2009/universal/lclwebkit/lclwebkit2/settingsdlgu.pas"/>
        <ComponentName Value="SettingsDlg"/>
        <HasResources Value="True"/>
        <ResourceBaseClass Value="Form"/>
        <UnitName Value="settingsdlgu"/>
        <CursorPos X="1" Y="126"/>
        <TopLine Value="106"/>
        <UsageCount Value="8"/>
      </Unit153>
      <Unit154>
        <Filename Value="../../../../../windows/F/ksp/KSP2009/universal/lclwebkit/lclwebkit2/main.lfm"/>
        <CursorPos X="1" Y="1"/>
        <TopLine Value="1"/>
        <UsageCount Value="6"/>
        <SyntaxHighlighter Value="LFM"/>
      </Unit154>
      <Unit155>
        <Filename Value="../../../../../windows/F/ksp/KSP2009/universal/lclwebkit/lclwebkit2/main.pas"/>
        <ComponentName Value="MForm"/>
        <HasResources Value="True"/>
        <ResourceBaseClass Value="Form"/>
        <UnitName Value="main"/>
        <CursorPos X="48" Y="357"/>
        <TopLine Value="354"/>
        <UsageCount Value="13"/>
      </Unit155>
      <Unit156>
        <Filename Value="itools/addforms/closefrm.pas"/>
        <IsPartOfProject Value="True"/>
        <ComponentName Value="CloseActionForm"/>
        <ResourceBaseClass Value="Form"/>
        <UnitName Value="closefrm"/>
        <CursorPos X="1" Y="1"/>
        <TopLine Value="1"/>
        <UsageCount Value="67"/>
        <SyntaxHighlighter Value="Delphi"/>
      </Unit156>
      <Unit157>
        <Filename Value="../../../../../usr/share/fpcsrc/rtl/objpas/sysutils/datih.inc"/>
        <CursorPos X="17" Y="130"/>
        <TopLine Value="112"/>
        <UsageCount Value="8"/>
      </Unit157>
      <Unit158>
        <Filename Value="../../../../../usr/share/fpcsrc/rtl/objpas/sysutils/dati.inc"/>
        <CursorPos X="3" Y="753"/>
        <TopLine Value="735"/>
        <UsageCount Value="8"/>
      </Unit158>
      <Unit159>
        <Filename Value="../../../.KSP/lua/test.lua"/>
        <CursorPos X="1" Y="53"/>
        <TopLine Value="18"/>
        <UsageCount Value="16"/>
        <SyntaxHighlighter Value="None"/>
      </Unit159>
      <Unit160>
        <Filename Value="../../../../../usr/share/fpcsrc/rtl/objpas/sysutils/osutilsh.inc"/>
        <CursorPos X="29" Y="32"/>
        <TopLine Value="11"/>
        <UsageCount Value="11"/>
      </Unit160>
      <Unit161>
        <Filename Value="../../../../../usr/share/fpcsrc/rtl/unix/sysutils.pp"/>
        <UnitName Value="sysutils"/>
        <CursorPos X="3" Y="977"/>
        <TopLine Value="974"/>
        <UsageCount Value="10"/>
      </Unit161>
      <Unit162>
        <Filename Value="../../../../../usr/share/fpcsrc/rtl/objpas/sysutils/osutil.inc"/>
        <CursorPos X="16" Y="199"/>
        <TopLine Value="196"/>
        <UsageCount Value="10"/>
      </Unit162>
      <Unit163>
        <Filename Value="../../../../../usr/share/fpcsrc/packages/lua/src/lualib.pas"/>
        <UnitName Value="lualib"/>
        <CursorPos X="1" Y="1"/>
        <TopLine Value="68"/>
        <UsageCount Value="10"/>
      </Unit163>
      <Unit164>
        <Filename Value="../../../LuaTutfpc-1/lua.pas"/>
        <UnitName Value="lua"/>
        <CursorPos X="3" Y="890"/>
        <TopLine Value="888"/>
        <UsageCount Value="10"/>
      </Unit164>
    </Units>
    <JumpHistory Count="6" HistoryIndex="5">
      <Position1>
        <Filename Value="itools/lua/ksplua.pas"/>
        <Caret Line="18" Column="56" TopLine="1"/>
      </Position1>
      <Position2>
        <Filename Value="itools/lua/ksplua.pas"/>
        <Caret Line="35" Column="10" TopLine="1"/>
      </Position2>
      <Position3>
        <Filename Value="additional/multilog/multilog.pas"/>
        <Caret Line="349" Column="18" TopLine="347"/>
      </Position3>
      <Position4>
        <Filename Value="additional/multilog/multilog.pas"/>
        <Caret Line="49" Column="6" TopLine="31"/>
      </Position4>
      <Position5>
        <Filename Value="additional/multilog/multilog.pas"/>
        <Caret Line="83" Column="35" TopLine="66"/>
      </Position5>
      <Position6>
        <Filename Value="itools/lua/ksplua.pas"/>
        <Caret Line="35" Column="10" TopLine="1"/>
      </Position6>
    </JumpHistory>
  </ProjectOptions>
  <CompilerOptions>
    <Version Value="8"/>
    <Target>
      <Filename Value="../bin/ksp.exe"/>
    </Target>
    <SearchPaths>
      <IncludeFiles Value="$(ProjOutDir)/"/>
      <OtherUnitFiles Value="additional/bass/;itools/;additional/;itools/dlldefs/;itools/threads/;itools/platformdep/;itools/medialib/;additional/multilog/;itools/addforms/;dlls/files/;additional/xmpp/;additional/synapse/;additional/lua/;itools/lua/"/>
      <UnitOutputDirectory Value="../dcu"/>
      <LCLWidgetType Value="qt"/>
    </SearchPaths>
    <Parsing>
      <Style Value="1"/>
      <SyntaxOptions>
        <SyntaxMode Value="Delphi"/>
        <CStyleOperator Value="False"/>
      </SyntaxOptions>
    </Parsing>
    <CodeGeneration>
      <SmartLinkUnit Value="True"/>
      <SmallerCode Value="True"/>
      <Optimizations>
        <UncertainOptimizations Value="True"/>
      </Optimizations>
    </CodeGeneration>
    <Linking>
      <Debugging>
        <GenerateDebugInfo Value="True"/>
        <UseLineInfoUnit Value="False"/>
        <UseValgrind Value="True"/>
        <UseExternalDbgSyms Value="True"/>
      </Debugging>
      <LinkSmart Value="True"/>
      <Options>
        <Win32>
          <GraphicApplication Value="True"/>
        </Win32>
      </Options>
    </Linking>
    <Other>
      <Verbosity>
        <ShowWarn Value="False"/>
        <ShowSummary Value="True"/>
      </Verbosity>
      <CustomOptions Value="-uDEBUG -dRELEASE
-dLOAD_DYNAMICALLY
-dKSP_SPECIAL_BUILD"/>
      <CompilerPath Value="$(CompPath)"/>
      <ExecuteAfter>
        <Command Value="upx -9 ../bin/ksp.exe"/>
        <CompileReasons Compile="False" Build="False" Run="False"/>
      </ExecuteAfter>
    </Other>
  </CompilerOptions>
  <Debugging>
    <BreakPoints Count="1">
      <Item1>
        <Source Value="itools/playlists.pas"/>
        <Line Value="659"/>
      </Item1>
    </BreakPoints>
    <Exceptions Count="3">
      <Item1>
        <Name Value="EAbort"/>
      </Item1>
      <Item2>
        <Name Value="ECodetoolError"/>
      </Item2>
      <Item3>
        <Name Value="EFOpenError"/>
      </Item3>
    </Exceptions>
  </Debugging>
</CONFIG>
